// !$*UTF8*$!
{
	archiveVersion = 1;
	classes = {
	};
	objectVersion = 77;
	objects = {

/* Begin PBXBuildFile section */
		042AC44FFEA6C4AD16C6C62D /* AppSettings.swift in Sources */ = {isa = PBXBuildFile; fileRef = 171B2A4C0057D368799590D2 /* AppSettings.swift */; };
		077FD1402D6C45EB5932885A /* bishops-opening.json in Resources */ = {isa = PBXBuildFile; fileRef = C2273A96A2E6F388DFEF21BC /* bishops-opening.json */; };
		097E8EF541FE0976FB9D105E /* SoundService.swift in Sources */ = {isa = PBXBuildFile; fileRef = B1A16F974A31DFE2F93A948B /* SoundService.swift */; };
		0B07A869013B5D2B9B20A5F3 /* GameStateTests.swift in Sources */ = {isa = PBXBuildFile; fileRef = 51BEE1049F2990DDB40D8212 /* GameStateTests.swift */; };
		0D39B083CA933D33F7E6D690 /* ChessCoachTests.swift in Sources */ = {isa = PBXBuildFile; fileRef = B8C29BA1613ECAC66CAEBEA6 /* ChessCoachTests.swift */; };
		102910341A4AB6C6C65DB30C /* MaiaService.swift in Sources */ = {isa = PBXBuildFile; fileRef = 1D827EA25178F98B49D6117F /* MaiaService.swift */; };
		1087FFF77B8FB3ACC95ECECB /* Assets.xcassets in Resources */ = {isa = PBXBuildFile; fileRef = 3A39B17C19E09E33A7E27276 /* Assets.xcassets */; };
		1200F6ACCC0D20B3E69B2148 /* LLMTypes.swift in Sources */ = {isa = PBXBuildFile; fileRef = 979F3E8E88EC13BD44B5CA41 /* LLMTypes.swift */; };
		12838077B7C6EDF58262DFD1 /* PlanExecutionScore.swift in Sources */ = {isa = PBXBuildFile; fileRef = B3CAE4A8139337472D2A2003 /* PlanExecutionScore.swift */; };
		141123C972B10CA5C5420754 /* catalan.json in Resources */ = {isa = PBXBuildFile; fileRef = 6D7BCC400B8E075B3A148EA6 /* catalan.json */; };
		1453315DFD8DCD47720F1396 /* ruy-lopez.json in Resources */ = {isa = PBXBuildFile; fileRef = 66B78C9830B86C4B833EC635 /* ruy-lopez.json */; };
		153407464C23E1214B8097CA /* LLMServiceTests.swift in Sources */ = {isa = PBXBuildFile; fileRef = B43293FAD4058537CD08C844 /* LLMServiceTests.swift */; };
		1600D11F53255E67DB71C598 /* vienna.json in Resources */ = {isa = PBXBuildFile; fileRef = 2CD82359955074892F6D0D84 /* vienna.json */; };
		1A5406F5F565EF0BCA18C513 /* nimzo-indian.json in Resources */ = {isa = PBXBuildFile; fileRef = 0CBAC99CDFF834C696E1736D /* nimzo-indian.json */; };
		1B2B9B24A0F296310D363E74 /* OpeningDetailView.swift in Sources */ = {isa = PBXBuildFile; fileRef = 28B4A2582942F5C8B3786338 /* OpeningDetailView.swift */; };
		1B8B5B3C655E0E3C2850BB1C /* DebugStateView.swift in Sources */ = {isa = PBXBuildFile; fileRef = 2797B55324C34157D183BBB3 /* DebugStateView.swift */; };
		1C83BCB614122ACFDC1F27CB /* SubscriptionService.swift in Sources */ = {isa = PBXBuildFile; fileRef = 61DC2C3E437999AA10190EAC /* SubscriptionService.swift */; };
		20A23D2AC0F63EEDED03062D /* dutch.json in Resources */ = {isa = PBXBuildFile; fileRef = 472C5C258764CE3A09C6C208 /* dutch.json */; };
		213ADC654DDA0B2E8165A6EB /* QuickReviewView.swift in Sources */ = {isa = PBXBuildFile; fileRef = FFFB3DE6F0EF145A730450D0 /* QuickReviewView.swift */; };
		2879DF05495769B2FA647ED8 /* llama.xcframework in Frameworks */ = {isa = PBXBuildFile; fileRef = 7D28EFD69B9A9AC6E2DCD75B /* llama.xcframework */; };
		28AB50F1F6466F64A554476F /* CurriculumServiceTests.swift in Sources */ = {isa = PBXBuildFile; fileRef = DB2780834A4769F1B85115C8 /* CurriculumServiceTests.swift */; };
		2D036B0A371648AB3D3A7501 /* OnboardingView.swift in Sources */ = {isa = PBXBuildFile; fileRef = E94CD447C46D32769CF3084C /* OnboardingView.swift */; };
		311E72D628DE16D4B4CF5AA9 /* MistakeTracker.swift in Sources */ = {isa = PBXBuildFile; fileRef = 14A024987A993ADC2D89DFE2 /* MistakeTracker.swift */; };
		3178F5266616D59190419A32 /* OpeningPreviewBoard.swift in Sources */ = {isa = PBXBuildFile; fileRef = B07C0DF8A8FA939CCB145DDF /* OpeningPreviewBoard.swift */; };
		32205119E838CBFE632CF6F3 /* kings-indian-attack.json in Resources */ = {isa = PBXBuildFile; fileRef = 94FA477EB260CEEAFC00FD0D /* kings-indian-attack.json */; };
		332AAC7D5B52FDD0BEC84BC4 /* four-knights.json in Resources */ = {isa = PBXBuildFile; fileRef = A1E5DA9EEA047678527540C5 /* four-knights.json */; };
		33F093D0D19206A0EB498498 /* french.json in Resources */ = {isa = PBXBuildFile; fileRef = 31501E26BAA6604484201596 /* french.json */; };
		355040BF8BC427A70828E9AF /* petroff.json in Resources */ = {isa = PBXBuildFile; fileRef = 63F0696157AF8742277BE2F3 /* petroff.json */; };
		3764BEB3B07F45F498D16C41 /* ContentView.swift in Sources */ = {isa = PBXBuildFile; fileRef = 99DC358B97212CECFA3EB23D /* ContentView.swift */; };
		38B3EDB17E4D15938A6B508E /* caro-kann.json in Resources */ = {isa = PBXBuildFile; fileRef = 019B60D3A402F6B4859D9613 /* caro-kann.json */; };
		3B66D47BFD91E583E54DC6EB /* LineStudyView.swift in Sources */ = {isa = PBXBuildFile; fileRef = EC1D9F04BDD5A2F1B0DED822 /* LineStudyView.swift */; };
		3DEEDF8A0704823CDBF74A76 /* GameBoardView.swift in Sources */ = {isa = PBXBuildFile; fileRef = 3EBF9D6D39298823A76C9C11 /* GameBoardView.swift */; };
		3FEEF58886C82EC691F900A4 /* ReviewItem.swift in Sources */ = {isa = PBXBuildFile; fileRef = E88367DED4C074D18B8746EC /* ReviewItem.swift */; };
		413787F3F52A55C4366FE0F2 /* b.tsv in Resources */ = {isa = PBXBuildFile; fileRef = 96B6B01BE109AFA78A7EF936 /* b.tsv */; };
		42036C2DF16F61D9EA640E3D /* SquareHighlightOverlay.swift in Sources */ = {isa = PBXBuildFile; fileRef = A498DE24CC55A0E2054D9E0D /* SquareHighlightOverlay.swift */; };
		422B0CE6D2093EE75056135F /* PlanScoringService.swift in Sources */ = {isa = PBXBuildFile; fileRef = 93F01EB13F3A5591B7E7C204 /* PlanScoringService.swift */; };
		44018731E1374B56D7E8A7CA /* philidor.json in Resources */ = {isa = PBXBuildFile; fileRef = 9ACD575EC102FBA303F9C359 /* philidor.json */; };
		449DCC65F1D994261FE9D468 /* PopularityService.swift in Sources */ = {isa = PBXBuildFile; fileRef = AD76113945C7E92BAEA4F7E3 /* PopularityService.swift */; };
		451B2F2DF43724C2585B0AEE /* UserProgress.swift in Sources */ = {isa = PBXBuildFile; fileRef = DA2DBE99E98075DDBDFF443F /* UserProgress.swift */; };
		456310C901C8DB9962EAC7E4 /* slav.json in Resources */ = {isa = PBXBuildFile; fileRef = D02EB7DA27CFF167257CA7EB /* slav.json */; };
		498D01D731A3EE4ADEDD2EE9 /* reti.json in Resources */ = {isa = PBXBuildFile; fileRef = 9184DFCBC4771D026AF80AA2 /* reti.json */; };
		4A10FA4EA488736A13142F3F /* PlanUnderstandingView.swift in Sources */ = {isa = PBXBuildFile; fileRef = AD7866AAC750CB72C5AC93DE /* PlanUnderstandingView.swift */; };
		4A7034C003AE7DE4915EB4C1 /* CoachingService.swift in Sources */ = {isa = PBXBuildFile; fileRef = 42AF1BAD455BC18D3532DEB0 /* CoachingService.swift */; };
		4DC53487D9B88E1937F0F49E /* SessionView.swift in Sources */ = {isa = PBXBuildFile; fileRef = 2A122CCB6DE1BFFF83D93127 /* SessionView.swift */; };
		4EECD7435103616029F2306B /* SpacedRepIntegrationTests.swift in Sources */ = {isa = PBXBuildFile; fileRef = 42ECA2209C648214DAA115CF /* SpacedRepIntegrationTests.swift */; };
		5009588C90BC3C56081C1727 /* SpacedRepTests.swift in Sources */ = {isa = PBXBuildFile; fileRef = 1CC6A2985336BC125CDD2FDF /* SpacedRepTests.swift */; };
		508957B4BA3430AAFD04D348 /* nn-1111cefa1111.nnue in Resources */ = {isa = PBXBuildFile; fileRef = 76400CAAB3AE97CD17A7B765 /* nn-1111cefa1111.nnue */; };
		50AA9CD0492AB5DA05F4B59C /* Qwen3-4B-Q4_K_M.gguf in Resources */ = {isa = PBXBuildFile; fileRef = BDCCE62F13ED6CDC63D415EA /* Qwen3-4B-Q4_K_M.gguf */; };
		52D6C103228BC322728622FB /* ChessKitEngine in Frameworks */ = {isa = PBXBuildFile; productRef = 111E24467C545F77B7F648BA /* ChessKitEngine */; };
		5631F07DEDC0C264386395AE /* maia2_moves.txt in Resources */ = {isa = PBXBuildFile; fileRef = 5AF349EACF6870397174001C /* maia2_moves.txt */; };
		58CA9C3B8186DB14A205CED9 /* OpeningMastery.swift in Sources */ = {isa = PBXBuildFile; fileRef = BF3A08FCE3DF73D1A1E64206 /* OpeningMastery.swift */; };
		597339265F744D8A370418CD /* nn-37f18f62d772.nnue in Resources */ = {isa = PBXBuildFile; fileRef = AABA327DF4FE44334C2F8676 /* nn-37f18f62d772.nnue */; };
		5B85AF6EFF77D434E319985A /* OpponentResponse.swift in Sources */ = {isa = PBXBuildFile; fileRef = 332F891136AFED8AAB292209 /* OpponentResponse.swift */; };
		5BEA4235474CF69DE1E214AE /* QuizLessonCard.swift in Sources */ = {isa = PBXBuildFile; fileRef = 8AF52780F2224A71D49EF5F1 /* QuizLessonCard.swift */; };
		5D8F4CBD52B39CBE13500730 /* HelpButton.swift in Sources */ = {isa = PBXBuildFile; fileRef = B5FAFD7D4F63B74DC3C09297 /* HelpButton.swift */; };
		625396A3990F56CA03C39E43 /* FeatureAccess.swift in Sources */ = {isa = PBXBuildFile; fileRef = 246F0182B657EB5E5F062E3E /* FeatureAccess.swift */; };
		683C1C0B6EC631D7402DB2D1 /* PracticeSessionViewModel.swift in Sources */ = {isa = PBXBuildFile; fileRef = E6C7CA6ADBBEE58EB6CA695D /* PracticeSessionViewModel.swift */; };
		68FBEC7AADF9C0444D14AE94 /* StockfishService.swift in Sources */ = {isa = PBXBuildFile; fileRef = 3B48861941161F981027DE30 /* StockfishService.swift */; };
		6B66D7B68702AE3BC756A1B8 /* queens-gambit.json in Resources */ = {isa = PBXBuildFile; fileRef = 3F5EB64EA7C5DAA8CE93B3B2 /* queens-gambit.json */; };
		6BBB8C92AA455B052EB164BF /* OnDeviceLLMService.swift in Sources */ = {isa = PBXBuildFile; fileRef = 729C1C816BE2082AD7182CA9 /* OnDeviceLLMService.swift */; };
		6BC80A5EB034A34A73227B1F /* CurriculumLineTests.swift in Sources */ = {isa = PBXBuildFile; fileRef = 163FB854AB6EFAC989181AAF /* CurriculumLineTests.swift */; };
		6C22BA203F9EB286133EEDB6 /* GRDB in Frameworks */ = {isa = PBXBuildFile; productRef = 9A0636AE1CF047FCD9407715 /* GRDB */; };
		700006335073756412F739B8 /* FeedbackButton.swift in Sources */ = {isa = PBXBuildFile; fileRef = 5FFCFE25741ACBCE53F7DE9A /* FeedbackButton.swift */; };
		70690CDFA5B2520FBBE25DDC /* sicilian.json in Resources */ = {isa = PBXBuildFile; fileRef = FF0CC07054E86C382A99D579 /* sicilian.json */; };
		724B5D86DDE66AE85279643C /* LineChatView.swift in Sources */ = {isa = PBXBuildFile; fileRef = 118DA53BC288ED92A432399E /* LineChatView.swift */; };
		7306A08E29B367045E32CAF6 /* a.tsv in Resources */ = {isa = PBXBuildFile; fileRef = 9961842B54F0D38EDB26D635 /* a.tsv */; };
		73628657C57D6784C80DB682 /* alekhine.json in Resources */ = {isa = PBXBuildFile; fileRef = A31A237B123C2AB9667384FD /* alekhine.json */; };
		769D5BF52DD2376B9A0785B4 /* Opening.swift in Sources */ = {isa = PBXBuildFile; fileRef = 4D3394090AB7EA057C3B70C3 /* Opening.swift */; };
		78CDB4486285C61CD99D6951 /* ChessboardKit in Frameworks */ = {isa = PBXBuildFile; productRef = 9FA5F592C8FD6F4A9575D198 /* ChessboardKit */; };
		7B8841F8B5BDB95A5855672B /* scandinavian.json in Resources */ = {isa = PBXBuildFile; fileRef = 184077236F0E4D788752A1F7 /* scandinavian.json */; };
		809B7F5D98B4B4E1E06CF918 /* BoardLessonCard.swift in Sources */ = {isa = PBXBuildFile; fileRef = EF5DE9169AE97318198EF9AB /* BoardLessonCard.swift */; };
		883650AE7EAE693E5087F6D2 /* llama.xcframework in Embed Frameworks */ = {isa = PBXBuildFile; fileRef = 7D28EFD69B9A9AC6E2DCD75B /* llama.xcframework */; settings = {ATTRIBUTES = (CodeSignOnCopy, RemoveHeadersOnCopy, ); }; };
		8CE08A1FABED074CF7F2E648 /* CoachingValidator.swift in Sources */ = {isa = PBXBuildFile; fileRef = 341B1A08A7983B4F1184C6DE /* CoachingValidator.swift */; };
		8E242137DD49CC9A1D211558 /* FeedbackService.swift in Sources */ = {isa = PBXBuildFile; fileRef = 45FDC260D734D8B831132CF4 /* FeedbackService.swift */; };
		8E75F54BDD3411D67906D1A8 /* CurriculumService.swift in Sources */ = {isa = PBXBuildFile; fileRef = C265BE80A3610E556D8016C1 /* CurriculumService.swift */; };
		9088B40A68C9CAA472A56AC1 /* OpeningDatabaseTests.swift in Sources */ = {isa = PBXBuildFile; fileRef = 76277F12D9B972F0673B3062 /* OpeningDatabaseTests.swift */; };
		918079F62DB0DB431E5F7495 /* kings-gambit.json in Resources */ = {isa = PBXBuildFile; fileRef = 38A34769ED7F66D990194939 /* kings-gambit.json */; };
		92F5C48B9D3698ABFE1A4F00 /* ProUpgradeView.swift in Sources */ = {isa = PBXBuildFile; fileRef = 4F5E830DC295EDA7A958A13D /* ProUpgradeView.swift */; };
		97E21CC033EBE22F9F6B56C1 /* VariedOpponentService.swift in Sources */ = {isa = PBXBuildFile; fileRef = 072A187FE3EB5E259BAD36A4 /* VariedOpponentService.swift */; };
		9A02F7CA0B5E5DB2D7028B52 /* PersistenceMigrationTests.swift in Sources */ = {isa = PBXBuildFile; fileRef = 7AD43C08072479F064D8D2F3 /* PersistenceMigrationTests.swift */; };
		9ACEA7FF2727CD07243FDA55 /* TheoryDiscoveryView.swift in Sources */ = {isa = PBXBuildFile; fileRef = 541D1FEE8D9F636409553F01 /* TheoryDiscoveryView.swift */; };
		9CB700365FFC1CE163592E2F /* SpacedRepScheduler.swift in Sources */ = {isa = PBXBuildFile; fileRef = 9214431E18C24CB2D5B9518F /* SpacedRepScheduler.swift */; };
		9D4FD434BB217352E32CC783 /* OpeningSettingsView.swift in Sources */ = {isa = PBXBuildFile; fileRef = 97D53FEC7503128FABA4EACB /* OpeningSettingsView.swift */; };
		9D986ED041BA16E13528BDC2 /* pirc.json in Resources */ = {isa = PBXBuildFile; fileRef = E396489C2128D7F704E5B852 /* pirc.json */; };
		9DE007C315CE0176CCF6A874 /* PromptCatalog.swift in Sources */ = {isa = PBXBuildFile; fileRef = DE30D8A0E555CD9D5A5438CD /* PromptCatalog.swift */; };
		9F02B680172D49DE83F07D7A /* ConfettiView.swift in Sources */ = {isa = PBXBuildFile; fileRef = 3EAE85DE19C554D1AC291F3D /* ConfettiView.swift */; };
		A07DFC2DC6EC969187E38D3D /* BoardTheme.swift in Sources */ = {isa = PBXBuildFile; fileRef = 3A540DE54627154C7E69E6AF /* BoardTheme.swift */; };
		A205E89EF91E7BEE73768E7B /* PersistenceService.swift in Sources */ = {isa = PBXBuildFile; fileRef = 4C2FE0FAE5C3A682629D3BBD /* PersistenceService.swift */; };
		A2BF1CDCF901BA3987106EA4 /* LessonStep.swift in Sources */ = {isa = PBXBuildFile; fileRef = DBEFF49BF6F36ADFDFF5B260 /* LessonStep.swift */; };
		A83EDE3FF2558974E8053DDA /* colle.json in Resources */ = {isa = PBXBuildFile; fileRef = C9E0D00426D51F255692AF98 /* colle.json */; };
		A8709D770A6275E437B9E05B /* MoveArrowOverlay.swift in Sources */ = {isa = PBXBuildFile; fileRef = 9E2D65DF5788AE7C8BDB8D95 /* MoveArrowOverlay.swift */; };
		A8AC396EBD6CE277F2E65398 /* queens-indian.json in Resources */ = {isa = PBXBuildFile; fileRef = F4ED00D26525A66E0521FB1C /* queens-indian.json */; };
		ABD380CAB30C6D3F85D6C21E /* d.tsv in Resources */ = {isa = PBXBuildFile; fileRef = 1867A0DA1022B6A0D88542F6 /* d.tsv */; };
		B0C1DBEC59D44DEFF1B77568 /* LLMConfig.swift in Sources */ = {isa = PBXBuildFile; fileRef = 9C770663D937BE38E72D9613 /* LLMConfig.swift */; };
		B1A90672488F161FA789E763 /* english.json in Resources */ = {isa = PBXBuildFile; fileRef = 8DA00C7F6D1D7DF09E5B556E /* english.json */; };
		B2953DCC6B6DF37CBD5E613A /* italian.json in Resources */ = {isa = PBXBuildFile; fileRef = 63986DB03379A8FF05B3D4DC /* italian.json */; };
		B4091D9860A2658459368FC0 /* EngineProtocols.swift in Sources */ = {isa = PBXBuildFile; fileRef = AFA4E18D85E23EC83BCF6411 /* EngineProtocols.swift */; };
		B4BFBDC1F762CDD18CE6D3D3 /* SessionCompleteView.swift in Sources */ = {isa = PBXBuildFile; fileRef = 79AF94834BD032584AD3853A /* SessionCompleteView.swift */; };
		B5366C62CBE6D18624506D3D /* PrivacyInfo.xcprivacy in Resources */ = {isa = PBXBuildFile; fileRef = 27D9D642B31BB2DEE4B7EFB3 /* PrivacyInfo.xcprivacy */; };
		B812C032963D93B381CC7A64 /* DesignSystem.swift in Sources */ = {isa = PBXBuildFile; fileRef = 866E843C39D1538F3F1C41BC /* DesignSystem.swift */; };
		B9AD5EB122024B3717C3F6BE /* SettingsView.swift in Sources */ = {isa = PBXBuildFile; fileRef = 0B10CEA9853D8869F12161BF /* SettingsView.swift */; };
		BB694D968E17549AC66FC86A /* OpeningPlan.swift in Sources */ = {isa = PBXBuildFile; fileRef = A649E737CAD4EF51CB283DD9 /* OpeningPlan.swift */; };
		BD271102B350DE1E7E378FBE /* benoni.json in Resources */ = {isa = PBXBuildFile; fileRef = 4D5BC5D7B59BA70529A36D27 /* benoni.json */; };
		BDA7117BBF842FD7577194CF /* LineProgress.swift in Sources */ = {isa = PBXBuildFile; fileRef = C2DE924117D81C29DAD5C9E7 /* LineProgress.swift */; };
		BE250094E8078458F5CFE5DA /* SoundnessCalculator.swift in Sources */ = {isa = PBXBuildFile; fileRef = D06876DFC0017EDF3897EC0E /* SoundnessCalculator.swift */; };
		BE8B981527187F6DC4721CCF /* ThinkingDotsView.swift in Sources */ = {isa = PBXBuildFile; fileRef = 45C203FCEDF3390BF9FA4A76 /* ThinkingDotsView.swift */; };
		BF2D7443ACC26DFE2F8B00DF /* StreakTrackerTests.swift in Sources */ = {isa = PBXBuildFile; fileRef = 4516A86DC281293B8DCB2EE3 /* StreakTrackerTests.swift */; };
		C1BBAF99A37D7FCD2121B484 /* CoachChatPanel.swift in Sources */ = {isa = PBXBuildFile; fileRef = 39CDC00327D31A16EC0949F2 /* CoachChatPanel.swift */; };
		C226BF43E4A3BEDED991BF97 /* london.json in Resources */ = {isa = PBXBuildFile; fileRef = 7CBD7CCCAE6E9DA102C0CC18 /* london.json */; };
		C813F078DC8823DE7E51CAF0 /* LineProgressTests.swift in Sources */ = {isa = PBXBuildFile; fileRef = E8DCA1751180E5E8592B0754 /* LineProgressTests.swift */; };
		C95BB4331F3DFDA44B2DE55D /* LLMService.swift in Sources */ = {isa = PBXBuildFile; fileRef = B7683B69C4DA5725C86821CF /* LLMService.swift */; };
		C9B8F6ED61F188F6C9AE9F83 /* SessionViewModel.swift in Sources */ = {isa = PBXBuildFile; fileRef = D47D0B604D2AF4275DFC2AFB /* SessionViewModel.swift */; };
		CC67D1B4F55ECE6BE4A7A8D8 /* HomeView.swift in Sources */ = {isa = PBXBuildFile; fileRef = A0F6A789BED54A0409CA0A3A /* HomeView.swift */; };
		CCF5322403133387FB13BE58 /* c.tsv in Resources */ = {isa = PBXBuildFile; fileRef = 19F3FE5C497A1536E193896C /* c.tsv */; };
		CD9A9E319F76CD6A866B9203 /* trompowsky.json in Resources */ = {isa = PBXBuildFile; fileRef = 7868B4562DC9C668DC472707 /* trompowsky.json */; };
		CF307670DC327797093F7208 /* grunfeld.json in Resources */ = {isa = PBXBuildFile; fileRef = 933464258B1545E31EDF5A78 /* grunfeld.json */; };
		CF36525240E3E620133DA978 /* StreakTracker.swift in Sources */ = {isa = PBXBuildFile; fileRef = D184D947DB9D9436C3D6C2DA /* StreakTracker.swift */; };
		D6068133A40E913B76E10636 /* scotch.json in Resources */ = {isa = PBXBuildFile; fileRef = 0F310D58804C675A6B99B98A /* scotch.json */; };
		D74EEDDD9A5662EB5DE8E266 /* AppServices.swift in Sources */ = {isa = PBXBuildFile; fileRef = 4E3A28BF244F5905997ACD78 /* AppServices.swift */; };
		D87BBC030D64DC6C0EE2DA3D /* ChessCoachApp.swift in Sources */ = {isa = PBXBuildFile; fileRef = C02CC47001BB8CA0952CF358 /* ChessCoachApp.swift */; };
		DF074886F57C100C7C7F5B8F /* e.tsv in Resources */ = {isa = PBXBuildFile; fileRef = B0A65E58BA9BE1F5FDFC6B99 /* e.tsv */; };
		E2CAB77A73C1025A609D7A83 /* LearningPhase+Thresholds.swift in Sources */ = {isa = PBXBuildFile; fileRef = C4779AE5B38A2442E3C0E3E4 /* LearningPhase+Thresholds.swift */; };
		E359C441FD518D7D63D37D7B /* Maia2Blitz.mlpackage in Sources */ = {isa = PBXBuildFile; fileRef = 38878C966F69C0C1EC11776A /* Maia2Blitz.mlpackage */; };
		E75180768E098D74D02DB633 /* SessionResultTests.swift in Sources */ = {isa = PBXBuildFile; fileRef = 887A8D0238A2F3F79FEAF2FF /* SessionResultTests.swift */; };
		E8EB6F8BD6792748DF4BD638 /* OpeningTests.swift in Sources */ = {isa = PBXBuildFile; fileRef = CA56BF3E40CA1699DF57BFF8 /* OpeningTests.swift */; };
		EA3D597D65333E9ABBE16763 /* PracticeOpeningView.swift in Sources */ = {isa = PBXBuildFile; fileRef = 3DED9F25CC7B1E674F3F0BD9 /* PracticeOpeningView.swift */; };
		EAA5B35C49028F7F9E853316 /* ProFeature.swift in Sources */ = {isa = PBXBuildFile; fileRef = 765D7B011FC3CC60D2ABFF75 /* ProFeature.swift */; };
		EBBD4BEC6D778B047A23EE4C /* LessonQuiz.swift in Sources */ = {isa = PBXBuildFile; fileRef = 4E8AEA095744E391EBCC764E /* LessonQuiz.swift */; };
		ED3E3A465937D62718F02044 /* OpeningDatabase.swift in Sources */ = {isa = PBXBuildFile; fileRef = DAA7D84DDE88CFD5FD7B7A59 /* OpeningDatabase.swift */; };
		EE58E155166AAB7026298D5D /* AppConfig.swift in Sources */ = {isa = PBXBuildFile; fileRef = F1776DA363A06F2C7CC25093 /* AppConfig.swift */; };
		F3D3B47863D2144F4DAD6013 /* ConceptIntroView.swift in Sources */ = {isa = PBXBuildFile; fileRef = FE4AA3F2F495DCEE68EC8C59 /* ConceptIntroView.swift */; };
		F67A6F94506D97F3671C024E /* CoachingServiceTests.swift in Sources */ = {isa = PBXBuildFile; fileRef = 2D38846C538E23A6BABEA968 /* CoachingServiceTests.swift */; };
		FA80FB61085AB7ABBFF49182 /* MultiArrowOverlay.swift in Sources */ = {isa = PBXBuildFile; fileRef = FC292A6050005623D5DD1496 /* MultiArrowOverlay.swift */; };
		FF125D4E0D68D791E1BF1211 /* OpponentPersonality.swift in Sources */ = {isa = PBXBuildFile; fileRef = 4F5C7909A7C6642F8270FD00 /* OpponentPersonality.swift */; };
		FF312B0A04CB97D763D063F6 /* GameState.swift in Sources */ = {isa = PBXBuildFile; fileRef = 25353786D741F85FF2823848 /* GameState.swift */; };
		FF3325E9F81F395A63999BE8 /* kings-indian.json in Resources */ = {isa = PBXBuildFile; fileRef = 80B494BD63159C166BB480D6 /* kings-indian.json */; };
		FFD927F3EE333129D098778B /* SessionResult.swift in Sources */ = {isa = PBXBuildFile; fileRef = 4E6EE090BCC8A2BB794E7999 /* SessionResult.swift */; };
/* End PBXBuildFile section */

/* Begin PBXContainerItemProxy section */
		B2B4CE472F3E3A559498B802 /* PBXContainerItemProxy */ = {
			isa = PBXContainerItemProxy;
			containerPortal = 124564DE0AA899BA2835163C /* Project object */;
			proxyType = 1;
			remoteGlobalIDString = BA14DCA1A643C0DE9CFC6D23;
			remoteInfo = ChessCoach;
		};
/* End PBXContainerItemProxy section */

/* Begin PBXCopyFilesBuildPhase section */
		384E5DEF951A164F7DF652A4 /* Embed Frameworks */ = {
			isa = PBXCopyFilesBuildPhase;
			buildActionMask = 2147483647;
			dstPath = "";
			dstSubfolderSpec = 10;
			files = (
				883650AE7EAE693E5087F6D2 /* llama.xcframework in Embed Frameworks */,
			);
			name = "Embed Frameworks";
			runOnlyForDeploymentPostprocessing = 0;
		};
/* End PBXCopyFilesBuildPhase section */

/* Begin PBXFileReference section */
		019B60D3A402F6B4859D9613 /* caro-kann.json */ = {isa = PBXFileReference; lastKnownFileType = text.json; path = "caro-kann.json"; sourceTree = "<group>"; };
		072A187FE3EB5E259BAD36A4 /* VariedOpponentService.swift */ = {isa = PBXFileReference; lastKnownFileType = sourcecode.swift; path = VariedOpponentService.swift; sourceTree = "<group>"; };
		0B10CEA9853D8869F12161BF /* SettingsView.swift */ = {isa = PBXFileReference; lastKnownFileType = sourcecode.swift; path = SettingsView.swift; sourceTree = "<group>"; };
		0BE47C283306010AD3714926 /* ChessCoachTests.xctest */ = {isa = PBXFileReference; includeInIndex = 0; lastKnownFileType = wrapper.cfbundle; path = ChessCoachTests.xctest; sourceTree = BUILT_PRODUCTS_DIR; };
		0CBAC99CDFF834C696E1736D /* nimzo-indian.json */ = {isa = PBXFileReference; lastKnownFileType = text.json; path = "nimzo-indian.json"; sourceTree = "<group>"; };
		0F310D58804C675A6B99B98A /* scotch.json */ = {isa = PBXFileReference; lastKnownFileType = text.json; path = scotch.json; sourceTree = "<group>"; };
		118DA53BC288ED92A432399E /* LineChatView.swift */ = {isa = PBXFileReference; lastKnownFileType = sourcecode.swift; path = LineChatView.swift; sourceTree = "<group>"; };
		14A024987A993ADC2D89DFE2 /* MistakeTracker.swift */ = {isa = PBXFileReference; lastKnownFileType = sourcecode.swift; path = MistakeTracker.swift; sourceTree = "<group>"; };
		163FB854AB6EFAC989181AAF /* CurriculumLineTests.swift */ = {isa = PBXFileReference; lastKnownFileType = sourcecode.swift; path = CurriculumLineTests.swift; sourceTree = "<group>"; };
		171B2A4C0057D368799590D2 /* AppSettings.swift */ = {isa = PBXFileReference; lastKnownFileType = sourcecode.swift; path = AppSettings.swift; sourceTree = "<group>"; };
		184077236F0E4D788752A1F7 /* scandinavian.json */ = {isa = PBXFileReference; lastKnownFileType = text.json; path = scandinavian.json; sourceTree = "<group>"; };
		1867A0DA1022B6A0D88542F6 /* d.tsv */ = {isa = PBXFileReference; path = d.tsv; sourceTree = "<group>"; };
		19F3FE5C497A1536E193896C /* c.tsv */ = {isa = PBXFileReference; path = c.tsv; sourceTree = "<group>"; };
		1CC6A2985336BC125CDD2FDF /* SpacedRepTests.swift */ = {isa = PBXFileReference; lastKnownFileType = sourcecode.swift; path = SpacedRepTests.swift; sourceTree = "<group>"; };
		1D827EA25178F98B49D6117F /* MaiaService.swift */ = {isa = PBXFileReference; lastKnownFileType = sourcecode.swift; path = MaiaService.swift; sourceTree = "<group>"; };
		246F0182B657EB5E5F062E3E /* FeatureAccess.swift */ = {isa = PBXFileReference; lastKnownFileType = sourcecode.swift; path = FeatureAccess.swift; sourceTree = "<group>"; };
		25353786D741F85FF2823848 /* GameState.swift */ = {isa = PBXFileReference; lastKnownFileType = sourcecode.swift; path = GameState.swift; sourceTree = "<group>"; };
		2797B55324C34157D183BBB3 /* DebugStateView.swift */ = {isa = PBXFileReference; lastKnownFileType = sourcecode.swift; path = DebugStateView.swift; sourceTree = "<group>"; };
		27D9D642B31BB2DEE4B7EFB3 /* PrivacyInfo.xcprivacy */ = {isa = PBXFileReference; path = PrivacyInfo.xcprivacy; sourceTree = "<group>"; };
		28B4A2582942F5C8B3786338 /* OpeningDetailView.swift */ = {isa = PBXFileReference; lastKnownFileType = sourcecode.swift; path = OpeningDetailView.swift; sourceTree = "<group>"; };
		2A122CCB6DE1BFFF83D93127 /* SessionView.swift */ = {isa = PBXFileReference; lastKnownFileType = sourcecode.swift; path = SessionView.swift; sourceTree = "<group>"; };
		2CD82359955074892F6D0D84 /* vienna.json */ = {isa = PBXFileReference; lastKnownFileType = text.json; path = vienna.json; sourceTree = "<group>"; };
		2D38846C538E23A6BABEA968 /* CoachingServiceTests.swift */ = {isa = PBXFileReference; lastKnownFileType = sourcecode.swift; path = CoachingServiceTests.swift; sourceTree = "<group>"; };
		31501E26BAA6604484201596 /* french.json */ = {isa = PBXFileReference; lastKnownFileType = text.json; path = french.json; sourceTree = "<group>"; };
		332F891136AFED8AAB292209 /* OpponentResponse.swift */ = {isa = PBXFileReference; lastKnownFileType = sourcecode.swift; path = OpponentResponse.swift; sourceTree = "<group>"; };
		341B1A08A7983B4F1184C6DE /* CoachingValidator.swift */ = {isa = PBXFileReference; lastKnownFileType = sourcecode.swift; path = CoachingValidator.swift; sourceTree = "<group>"; };
		38878C966F69C0C1EC11776A /* Maia2Blitz.mlpackage */ = {isa = PBXFileReference; path = Maia2Blitz.mlpackage; sourceTree = "<group>"; };
		38A34769ED7F66D990194939 /* kings-gambit.json */ = {isa = PBXFileReference; lastKnownFileType = text.json; path = "kings-gambit.json"; sourceTree = "<group>"; };
		39CDC00327D31A16EC0949F2 /* CoachChatPanel.swift */ = {isa = PBXFileReference; lastKnownFileType = sourcecode.swift; path = CoachChatPanel.swift; sourceTree = "<group>"; };
		3A39B17C19E09E33A7E27276 /* Assets.xcassets */ = {isa = PBXFileReference; lastKnownFileType = folder.assetcatalog; path = Assets.xcassets; sourceTree = "<group>"; };
		3A540DE54627154C7E69E6AF /* BoardTheme.swift */ = {isa = PBXFileReference; lastKnownFileType = sourcecode.swift; path = BoardTheme.swift; sourceTree = "<group>"; };
		3B48861941161F981027DE30 /* StockfishService.swift */ = {isa = PBXFileReference; lastKnownFileType = sourcecode.swift; path = StockfishService.swift; sourceTree = "<group>"; };
		3DED9F25CC7B1E674F3F0BD9 /* PracticeOpeningView.swift */ = {isa = PBXFileReference; lastKnownFileType = sourcecode.swift; path = PracticeOpeningView.swift; sourceTree = "<group>"; };
		3EAE85DE19C554D1AC291F3D /* ConfettiView.swift */ = {isa = PBXFileReference; lastKnownFileType = sourcecode.swift; path = ConfettiView.swift; sourceTree = "<group>"; };
		3EBF9D6D39298823A76C9C11 /* GameBoardView.swift */ = {isa = PBXFileReference; lastKnownFileType = sourcecode.swift; path = GameBoardView.swift; sourceTree = "<group>"; };
		3F5EB64EA7C5DAA8CE93B3B2 /* queens-gambit.json */ = {isa = PBXFileReference; lastKnownFileType = text.json; path = "queens-gambit.json"; sourceTree = "<group>"; };
		4179125235ADD07C7C78E787 /* Info.plist */ = {isa = PBXFileReference; lastKnownFileType = text.plist; path = Info.plist; sourceTree = "<group>"; };
		42AF1BAD455BC18D3532DEB0 /* CoachingService.swift */ = {isa = PBXFileReference; lastKnownFileType = sourcecode.swift; path = CoachingService.swift; sourceTree = "<group>"; };
		42ECA2209C648214DAA115CF /* SpacedRepIntegrationTests.swift */ = {isa = PBXFileReference; lastKnownFileType = sourcecode.swift; path = SpacedRepIntegrationTests.swift; sourceTree = "<group>"; };
		4516A86DC281293B8DCB2EE3 /* StreakTrackerTests.swift */ = {isa = PBXFileReference; lastKnownFileType = sourcecode.swift; path = StreakTrackerTests.swift; sourceTree = "<group>"; };
		45C203FCEDF3390BF9FA4A76 /* ThinkingDotsView.swift */ = {isa = PBXFileReference; lastKnownFileType = sourcecode.swift; path = ThinkingDotsView.swift; sourceTree = "<group>"; };
		45FDC260D734D8B831132CF4 /* FeedbackService.swift */ = {isa = PBXFileReference; lastKnownFileType = sourcecode.swift; path = FeedbackService.swift; sourceTree = "<group>"; };
		472C5C258764CE3A09C6C208 /* dutch.json */ = {isa = PBXFileReference; lastKnownFileType = text.json; path = dutch.json; sourceTree = "<group>"; };
		4C2FE0FAE5C3A682629D3BBD /* PersistenceService.swift */ = {isa = PBXFileReference; lastKnownFileType = sourcecode.swift; path = PersistenceService.swift; sourceTree = "<group>"; };
		4D3394090AB7EA057C3B70C3 /* Opening.swift */ = {isa = PBXFileReference; lastKnownFileType = sourcecode.swift; path = Opening.swift; sourceTree = "<group>"; };
		4D5BC5D7B59BA70529A36D27 /* benoni.json */ = {isa = PBXFileReference; lastKnownFileType = text.json; path = benoni.json; sourceTree = "<group>"; };
		4E3A28BF244F5905997ACD78 /* AppServices.swift */ = {isa = PBXFileReference; lastKnownFileType = sourcecode.swift; path = AppServices.swift; sourceTree = "<group>"; };
		4E6EE090BCC8A2BB794E7999 /* SessionResult.swift */ = {isa = PBXFileReference; lastKnownFileType = sourcecode.swift; path = SessionResult.swift; sourceTree = "<group>"; };
		4E8AEA095744E391EBCC764E /* LessonQuiz.swift */ = {isa = PBXFileReference; lastKnownFileType = sourcecode.swift; path = LessonQuiz.swift; sourceTree = "<group>"; };
		4F5C7909A7C6642F8270FD00 /* OpponentPersonality.swift */ = {isa = PBXFileReference; lastKnownFileType = sourcecode.swift; path = OpponentPersonality.swift; sourceTree = "<group>"; };
		4F5E830DC295EDA7A958A13D /* ProUpgradeView.swift */ = {isa = PBXFileReference; lastKnownFileType = sourcecode.swift; path = ProUpgradeView.swift; sourceTree = "<group>"; };
		51BEE1049F2990DDB40D8212 /* GameStateTests.swift */ = {isa = PBXFileReference; lastKnownFileType = sourcecode.swift; path = GameStateTests.swift; sourceTree = "<group>"; };
		541D1FEE8D9F636409553F01 /* TheoryDiscoveryView.swift */ = {isa = PBXFileReference; lastKnownFileType = sourcecode.swift; path = TheoryDiscoveryView.swift; sourceTree = "<group>"; };
		5AF349EACF6870397174001C /* maia2_moves.txt */ = {isa = PBXFileReference; lastKnownFileType = text; path = maia2_moves.txt; sourceTree = "<group>"; };
		5FFCFE25741ACBCE53F7DE9A /* FeedbackButton.swift */ = {isa = PBXFileReference; lastKnownFileType = sourcecode.swift; path = FeedbackButton.swift; sourceTree = "<group>"; };
		61DC2C3E437999AA10190EAC /* SubscriptionService.swift */ = {isa = PBXFileReference; lastKnownFileType = sourcecode.swift; path = SubscriptionService.swift; sourceTree = "<group>"; };
		63986DB03379A8FF05B3D4DC /* italian.json */ = {isa = PBXFileReference; lastKnownFileType = text.json; path = italian.json; sourceTree = "<group>"; };
		63F0696157AF8742277BE2F3 /* petroff.json */ = {isa = PBXFileReference; lastKnownFileType = text.json; path = petroff.json; sourceTree = "<group>"; };
		66B78C9830B86C4B833EC635 /* ruy-lopez.json */ = {isa = PBXFileReference; lastKnownFileType = text.json; path = "ruy-lopez.json"; sourceTree = "<group>"; };
		6D7BCC400B8E075B3A148EA6 /* catalan.json */ = {isa = PBXFileReference; lastKnownFileType = text.json; path = catalan.json; sourceTree = "<group>"; };
		729C1C816BE2082AD7182CA9 /* OnDeviceLLMService.swift */ = {isa = PBXFileReference; lastKnownFileType = sourcecode.swift; path = OnDeviceLLMService.swift; sourceTree = "<group>"; };
		76277F12D9B972F0673B3062 /* OpeningDatabaseTests.swift */ = {isa = PBXFileReference; lastKnownFileType = sourcecode.swift; path = OpeningDatabaseTests.swift; sourceTree = "<group>"; };
		76400CAAB3AE97CD17A7B765 /* nn-1111cefa1111.nnue */ = {isa = PBXFileReference; path = "nn-1111cefa1111.nnue"; sourceTree = "<group>"; };
		765D7B011FC3CC60D2ABFF75 /* ProFeature.swift */ = {isa = PBXFileReference; lastKnownFileType = sourcecode.swift; path = ProFeature.swift; sourceTree = "<group>"; };
		7868B4562DC9C668DC472707 /* trompowsky.json */ = {isa = PBXFileReference; lastKnownFileType = text.json; path = trompowsky.json; sourceTree = "<group>"; };
		79AF94834BD032584AD3853A /* SessionCompleteView.swift */ = {isa = PBXFileReference; lastKnownFileType = sourcecode.swift; path = SessionCompleteView.swift; sourceTree = "<group>"; };
		7AD43C08072479F064D8D2F3 /* PersistenceMigrationTests.swift */ = {isa = PBXFileReference; lastKnownFileType = sourcecode.swift; path = PersistenceMigrationTests.swift; sourceTree = "<group>"; };
		7CBD7CCCAE6E9DA102C0CC18 /* london.json */ = {isa = PBXFileReference; lastKnownFileType = text.json; path = london.json; sourceTree = "<group>"; };
		7D28EFD69B9A9AC6E2DCD75B /* llama.xcframework */ = {isa = PBXFileReference; lastKnownFileType = wrapper.xcframework; name = llama.xcframework; path = Frameworks/llama.xcframework; sourceTree = "<group>"; };
		80B494BD63159C166BB480D6 /* kings-indian.json */ = {isa = PBXFileReference; lastKnownFileType = text.json; path = "kings-indian.json"; sourceTree = "<group>"; };
		866E843C39D1538F3F1C41BC /* DesignSystem.swift */ = {isa = PBXFileReference; lastKnownFileType = sourcecode.swift; path = DesignSystem.swift; sourceTree = "<group>"; };
		887A8D0238A2F3F79FEAF2FF /* SessionResultTests.swift */ = {isa = PBXFileReference; lastKnownFileType = sourcecode.swift; path = SessionResultTests.swift; sourceTree = "<group>"; };
		8AF52780F2224A71D49EF5F1 /* QuizLessonCard.swift */ = {isa = PBXFileReference; lastKnownFileType = sourcecode.swift; path = QuizLessonCard.swift; sourceTree = "<group>"; };
		8DA00C7F6D1D7DF09E5B556E /* english.json */ = {isa = PBXFileReference; lastKnownFileType = text.json; path = english.json; sourceTree = "<group>"; };
		9184DFCBC4771D026AF80AA2 /* reti.json */ = {isa = PBXFileReference; lastKnownFileType = text.json; path = reti.json; sourceTree = "<group>"; };
		9214431E18C24CB2D5B9518F /* SpacedRepScheduler.swift */ = {isa = PBXFileReference; lastKnownFileType = sourcecode.swift; path = SpacedRepScheduler.swift; sourceTree = "<group>"; };
		933464258B1545E31EDF5A78 /* grunfeld.json */ = {isa = PBXFileReference; lastKnownFileType = text.json; path = grunfeld.json; sourceTree = "<group>"; };
		93F01EB13F3A5591B7E7C204 /* PlanScoringService.swift */ = {isa = PBXFileReference; lastKnownFileType = sourcecode.swift; path = PlanScoringService.swift; sourceTree = "<group>"; };
		94FA477EB260CEEAFC00FD0D /* kings-indian-attack.json */ = {isa = PBXFileReference; lastKnownFileType = text.json; path = "kings-indian-attack.json"; sourceTree = "<group>"; };
		96B6B01BE109AFA78A7EF936 /* b.tsv */ = {isa = PBXFileReference; path = b.tsv; sourceTree = "<group>"; };
		979F3E8E88EC13BD44B5CA41 /* LLMTypes.swift */ = {isa = PBXFileReference; lastKnownFileType = sourcecode.swift; path = LLMTypes.swift; sourceTree = "<group>"; };
		97D53FEC7503128FABA4EACB /* OpeningSettingsView.swift */ = {isa = PBXFileReference; lastKnownFileType = sourcecode.swift; path = OpeningSettingsView.swift; sourceTree = "<group>"; };
		9882BEAB4E1D6A9177C5321E /* ChessboardKit */ = {isa = PBXFileReference; lastKnownFileType = folder; name = ChessboardKit; path = LocalPackages/ChessboardKit; sourceTree = SOURCE_ROOT; };
		9961842B54F0D38EDB26D635 /* a.tsv */ = {isa = PBXFileReference; path = a.tsv; sourceTree = "<group>"; };
		99DC358B97212CECFA3EB23D /* ContentView.swift */ = {isa = PBXFileReference; lastKnownFileType = sourcecode.swift; path = ContentView.swift; sourceTree = "<group>"; };
		9ACD575EC102FBA303F9C359 /* philidor.json */ = {isa = PBXFileReference; lastKnownFileType = text.json; path = philidor.json; sourceTree = "<group>"; };
		9C770663D937BE38E72D9613 /* LLMConfig.swift */ = {isa = PBXFileReference; lastKnownFileType = sourcecode.swift; path = LLMConfig.swift; sourceTree = "<group>"; };
		9E2D65DF5788AE7C8BDB8D95 /* MoveArrowOverlay.swift */ = {isa = PBXFileReference; lastKnownFileType = sourcecode.swift; path = MoveArrowOverlay.swift; sourceTree = "<group>"; };
		A0F6A789BED54A0409CA0A3A /* HomeView.swift */ = {isa = PBXFileReference; lastKnownFileType = sourcecode.swift; path = HomeView.swift; sourceTree = "<group>"; };
		A1E5DA9EEA047678527540C5 /* four-knights.json */ = {isa = PBXFileReference; lastKnownFileType = text.json; path = "four-knights.json"; sourceTree = "<group>"; };
		A31A237B123C2AB9667384FD /* alekhine.json */ = {isa = PBXFileReference; lastKnownFileType = text.json; path = alekhine.json; sourceTree = "<group>"; };
		A498DE24CC55A0E2054D9E0D /* SquareHighlightOverlay.swift */ = {isa = PBXFileReference; lastKnownFileType = sourcecode.swift; path = SquareHighlightOverlay.swift; sourceTree = "<group>"; };
		A649E737CAD4EF51CB283DD9 /* OpeningPlan.swift */ = {isa = PBXFileReference; lastKnownFileType = sourcecode.swift; path = OpeningPlan.swift; sourceTree = "<group>"; };
		AABA327DF4FE44334C2F8676 /* nn-37f18f62d772.nnue */ = {isa = PBXFileReference; path = "nn-37f18f62d772.nnue"; sourceTree = "<group>"; };
		AD76113945C7E92BAEA4F7E3 /* PopularityService.swift */ = {isa = PBXFileReference; lastKnownFileType = sourcecode.swift; path = PopularityService.swift; sourceTree = "<group>"; };
		AD7866AAC750CB72C5AC93DE /* PlanUnderstandingView.swift */ = {isa = PBXFileReference; lastKnownFileType = sourcecode.swift; path = PlanUnderstandingView.swift; sourceTree = "<group>"; };
		AF1C710A917AAC4858873282 /* chesskit-engine */ = {isa = PBXFileReference; lastKnownFileType = folder; name = "chesskit-engine"; path = "LocalPackages/chesskit-engine"; sourceTree = SOURCE_ROOT; };
		AFA4E18D85E23EC83BCF6411 /* EngineProtocols.swift */ = {isa = PBXFileReference; lastKnownFileType = sourcecode.swift; path = EngineProtocols.swift; sourceTree = "<group>"; };
		B07C0DF8A8FA939CCB145DDF /* OpeningPreviewBoard.swift */ = {isa = PBXFileReference; lastKnownFileType = sourcecode.swift; path = OpeningPreviewBoard.swift; sourceTree = "<group>"; };
		B0A65E58BA9BE1F5FDFC6B99 /* e.tsv */ = {isa = PBXFileReference; path = e.tsv; sourceTree = "<group>"; };
		B1A16F974A31DFE2F93A948B /* SoundService.swift */ = {isa = PBXFileReference; lastKnownFileType = sourcecode.swift; path = SoundService.swift; sourceTree = "<group>"; };
		B3CAE4A8139337472D2A2003 /* PlanExecutionScore.swift */ = {isa = PBXFileReference; lastKnownFileType = sourcecode.swift; path = PlanExecutionScore.swift; sourceTree = "<group>"; };
		B43293FAD4058537CD08C844 /* LLMServiceTests.swift */ = {isa = PBXFileReference; lastKnownFileType = sourcecode.swift; path = LLMServiceTests.swift; sourceTree = "<group>"; };
		B5FAFD7D4F63B74DC3C09297 /* HelpButton.swift */ = {isa = PBXFileReference; lastKnownFileType = sourcecode.swift; path = HelpButton.swift; sourceTree = "<group>"; };
		B7683B69C4DA5725C86821CF /* LLMService.swift */ = {isa = PBXFileReference; lastKnownFileType = sourcecode.swift; path = LLMService.swift; sourceTree = "<group>"; };
		B8C29BA1613ECAC66CAEBEA6 /* ChessCoachTests.swift */ = {isa = PBXFileReference; lastKnownFileType = sourcecode.swift; path = ChessCoachTests.swift; sourceTree = "<group>"; };
		BDCCE62F13ED6CDC63D415EA /* Qwen3-4B-Q4_K_M.gguf */ = {isa = PBXFileReference; path = "Qwen3-4B-Q4_K_M.gguf"; sourceTree = "<group>"; };
		BF3A08FCE3DF73D1A1E64206 /* OpeningMastery.swift */ = {isa = PBXFileReference; lastKnownFileType = sourcecode.swift; path = OpeningMastery.swift; sourceTree = "<group>"; };
		C02CC47001BB8CA0952CF358 /* ChessCoachApp.swift */ = {isa = PBXFileReference; lastKnownFileType = sourcecode.swift; path = ChessCoachApp.swift; sourceTree = "<group>"; };
		C2273A96A2E6F388DFEF21BC /* bishops-opening.json */ = {isa = PBXFileReference; lastKnownFileType = text.json; path = "bishops-opening.json"; sourceTree = "<group>"; };
		C265BE80A3610E556D8016C1 /* CurriculumService.swift */ = {isa = PBXFileReference; lastKnownFileType = sourcecode.swift; path = CurriculumService.swift; sourceTree = "<group>"; };
		C2DE924117D81C29DAD5C9E7 /* LineProgress.swift */ = {isa = PBXFileReference; lastKnownFileType = sourcecode.swift; path = LineProgress.swift; sourceTree = "<group>"; };
		C4779AE5B38A2442E3C0E3E4 /* LearningPhase+Thresholds.swift */ = {isa = PBXFileReference; lastKnownFileType = sourcecode.swift; path = "LearningPhase+Thresholds.swift"; sourceTree = "<group>"; };
		C9E0D00426D51F255692AF98 /* colle.json */ = {isa = PBXFileReference; lastKnownFileType = text.json; path = colle.json; sourceTree = "<group>"; };
		CA56BF3E40CA1699DF57BFF8 /* OpeningTests.swift */ = {isa = PBXFileReference; lastKnownFileType = sourcecode.swift; path = OpeningTests.swift; sourceTree = "<group>"; };
		D02EB7DA27CFF167257CA7EB /* slav.json */ = {isa = PBXFileReference; lastKnownFileType = text.json; path = slav.json; sourceTree = "<group>"; };
		D06876DFC0017EDF3897EC0E /* SoundnessCalculator.swift */ = {isa = PBXFileReference; lastKnownFileType = sourcecode.swift; path = SoundnessCalculator.swift; sourceTree = "<group>"; };
		D184D947DB9D9436C3D6C2DA /* StreakTracker.swift */ = {isa = PBXFileReference; lastKnownFileType = sourcecode.swift; path = StreakTracker.swift; sourceTree = "<group>"; };
		D47D0B604D2AF4275DFC2AFB /* SessionViewModel.swift */ = {isa = PBXFileReference; lastKnownFileType = sourcecode.swift; path = SessionViewModel.swift; sourceTree = "<group>"; };
		DA2DBE99E98075DDBDFF443F /* UserProgress.swift */ = {isa = PBXFileReference; lastKnownFileType = sourcecode.swift; path = UserProgress.swift; sourceTree = "<group>"; };
		DAA7D84DDE88CFD5FD7B7A59 /* OpeningDatabase.swift */ = {isa = PBXFileReference; lastKnownFileType = sourcecode.swift; path = OpeningDatabase.swift; sourceTree = "<group>"; };
		DB2780834A4769F1B85115C8 /* CurriculumServiceTests.swift */ = {isa = PBXFileReference; lastKnownFileType = sourcecode.swift; path = CurriculumServiceTests.swift; sourceTree = "<group>"; };
		DBEFF49BF6F36ADFDFF5B260 /* LessonStep.swift */ = {isa = PBXFileReference; lastKnownFileType = sourcecode.swift; path = LessonStep.swift; sourceTree = "<group>"; };
		DE30D8A0E555CD9D5A5438CD /* PromptCatalog.swift */ = {isa = PBXFileReference; lastKnownFileType = sourcecode.swift; path = PromptCatalog.swift; sourceTree = "<group>"; };
		E028FD7831DF9F7DCA8CD8A2 /* ChessCoach.app */ = {isa = PBXFileReference; includeInIndex = 0; lastKnownFileType = wrapper.application; path = ChessCoach.app; sourceTree = BUILT_PRODUCTS_DIR; };
		E396489C2128D7F704E5B852 /* pirc.json */ = {isa = PBXFileReference; lastKnownFileType = text.json; path = pirc.json; sourceTree = "<group>"; };
		E6C7CA6ADBBEE58EB6CA695D /* PracticeSessionViewModel.swift */ = {isa = PBXFileReference; lastKnownFileType = sourcecode.swift; path = PracticeSessionViewModel.swift; sourceTree = "<group>"; };
		E88367DED4C074D18B8746EC /* ReviewItem.swift */ = {isa = PBXFileReference; lastKnownFileType = sourcecode.swift; path = ReviewItem.swift; sourceTree = "<group>"; };
		E8DCA1751180E5E8592B0754 /* LineProgressTests.swift */ = {isa = PBXFileReference; lastKnownFileType = sourcecode.swift; path = LineProgressTests.swift; sourceTree = "<group>"; };
		E94CD447C46D32769CF3084C /* OnboardingView.swift */ = {isa = PBXFileReference; lastKnownFileType = sourcecode.swift; path = OnboardingView.swift; sourceTree = "<group>"; };
		EC1D9F04BDD5A2F1B0DED822 /* LineStudyView.swift */ = {isa = PBXFileReference; lastKnownFileType = sourcecode.swift; path = LineStudyView.swift; sourceTree = "<group>"; };
		EF5DE9169AE97318198EF9AB /* BoardLessonCard.swift */ = {isa = PBXFileReference; lastKnownFileType = sourcecode.swift; path = BoardLessonCard.swift; sourceTree = "<group>"; };
		F1776DA363A06F2C7CC25093 /* AppConfig.swift */ = {isa = PBXFileReference; lastKnownFileType = sourcecode.swift; path = AppConfig.swift; sourceTree = "<group>"; };
		F4ED00D26525A66E0521FB1C /* queens-indian.json */ = {isa = PBXFileReference; lastKnownFileType = text.json; path = "queens-indian.json"; sourceTree = "<group>"; };
		FC292A6050005623D5DD1496 /* MultiArrowOverlay.swift */ = {isa = PBXFileReference; lastKnownFileType = sourcecode.swift; path = MultiArrowOverlay.swift; sourceTree = "<group>"; };
		FE4AA3F2F495DCEE68EC8C59 /* ConceptIntroView.swift */ = {isa = PBXFileReference; lastKnownFileType = sourcecode.swift; path = ConceptIntroView.swift; sourceTree = "<group>"; };
		FF0CC07054E86C382A99D579 /* sicilian.json */ = {isa = PBXFileReference; lastKnownFileType = text.json; path = sicilian.json; sourceTree = "<group>"; };
		FFFB3DE6F0EF145A730450D0 /* QuickReviewView.swift */ = {isa = PBXFileReference; lastKnownFileType = sourcecode.swift; path = QuickReviewView.swift; sourceTree = "<group>"; };
/* End PBXFileReference section */

/* Begin PBXFrameworksBuildPhase section */
		E17F0EA6986CACEFD6C4A82E /* Frameworks */ = {
			isa = PBXFrameworksBuildPhase;
			buildActionMask = 2147483647;
			files = (
				52D6C103228BC322728622FB /* ChessKitEngine in Frameworks */,
				78CDB4486285C61CD99D6951 /* ChessboardKit in Frameworks */,
				6C22BA203F9EB286133EEDB6 /* GRDB in Frameworks */,
				2879DF05495769B2FA647ED8 /* llama.xcframework in Frameworks */,
			);
			runOnlyForDeploymentPostprocessing = 0;
		};
/* End PBXFrameworksBuildPhase section */

/* Begin PBXGroup section */
		009532B9F97F69EB6F95ED95 /* Scoring */ = {
			isa = PBXGroup;
			children = (
				B3CAE4A8139337472D2A2003 /* PlanExecutionScore.swift */,
				AD76113945C7E92BAEA4F7E3 /* PopularityService.swift */,
				D06876DFC0017EDF3897EC0E /* SoundnessCalculator.swift */,
			);
			path = Scoring;
			sourceTree = "<group>";
		};
		03A9D869EE07FDD99DF1ED67 /* Session */ = {
			isa = PBXGroup;
			children = (
				39CDC00327D31A16EC0949F2 /* CoachChatPanel.swift */,
				118DA53BC288ED92A432399E /* LineChatView.swift */,
				EC1D9F04BDD5A2F1B0DED822 /* LineStudyView.swift */,
				AD7866AAC750CB72C5AC93DE /* PlanUnderstandingView.swift */,
				3DED9F25CC7B1E674F3F0BD9 /* PracticeOpeningView.swift */,
				E6C7CA6ADBBEE58EB6CA695D /* PracticeSessionViewModel.swift */,
				79AF94834BD032584AD3853A /* SessionCompleteView.swift */,
				2A122CCB6DE1BFFF83D93127 /* SessionView.swift */,
				D47D0B604D2AF4275DFC2AFB /* SessionViewModel.swift */,
				541D1FEE8D9F636409553F01 /* TheoryDiscoveryView.swift */,
			);
			path = Session;
			sourceTree = "<group>";
		};
		05DE9FD810200E877D5A83DB /* Openings */ = {
			isa = PBXGroup;
			children = (
				A31A237B123C2AB9667384FD /* alekhine.json */,
				4D5BC5D7B59BA70529A36D27 /* benoni.json */,
				C2273A96A2E6F388DFEF21BC /* bishops-opening.json */,
				019B60D3A402F6B4859D9613 /* caro-kann.json */,
				6D7BCC400B8E075B3A148EA6 /* catalan.json */,
				C9E0D00426D51F255692AF98 /* colle.json */,
				472C5C258764CE3A09C6C208 /* dutch.json */,
				8DA00C7F6D1D7DF09E5B556E /* english.json */,
				A1E5DA9EEA047678527540C5 /* four-knights.json */,
				31501E26BAA6604484201596 /* french.json */,
				933464258B1545E31EDF5A78 /* grunfeld.json */,
				63986DB03379A8FF05B3D4DC /* italian.json */,
				38A34769ED7F66D990194939 /* kings-gambit.json */,
				94FA477EB260CEEAFC00FD0D /* kings-indian-attack.json */,
				80B494BD63159C166BB480D6 /* kings-indian.json */,
				7CBD7CCCAE6E9DA102C0CC18 /* london.json */,
				0CBAC99CDFF834C696E1736D /* nimzo-indian.json */,
				63F0696157AF8742277BE2F3 /* petroff.json */,
				9ACD575EC102FBA303F9C359 /* philidor.json */,
				E396489C2128D7F704E5B852 /* pirc.json */,
				3F5EB64EA7C5DAA8CE93B3B2 /* queens-gambit.json */,
				F4ED00D26525A66E0521FB1C /* queens-indian.json */,
				9184DFCBC4771D026AF80AA2 /* reti.json */,
				66B78C9830B86C4B833EC635 /* ruy-lopez.json */,
				184077236F0E4D788752A1F7 /* scandinavian.json */,
				0F310D58804C675A6B99B98A /* scotch.json */,
				FF0CC07054E86C382A99D579 /* sicilian.json */,
				D02EB7DA27CFF167257CA7EB /* slav.json */,
				7868B4562DC9C668DC472707 /* trompowsky.json */,
				2CD82359955074892F6D0D84 /* vienna.json */,
			);
			path = Openings;
			sourceTree = "<group>";
		};
		08B7C528CD13BFFEE47A0781 /* Packages */ = {
			isa = PBXGroup;
			children = (
				9882BEAB4E1D6A9177C5321E /* ChessboardKit */,
				AF1C710A917AAC4858873282 /* chesskit-engine */,
			);
			name = Packages;
			sourceTree = "<group>";
		};
		0F24295A6204C41878C7FCAD /* LLMService */ = {
			isa = PBXGroup;
			children = (
				9C770663D937BE38E72D9613 /* LLMConfig.swift */,
				B7683B69C4DA5725C86821CF /* LLMService.swift */,
				979F3E8E88EC13BD44B5CA41 /* LLMTypes.swift */,
			);
			path = LLMService;
			sourceTree = "<group>";
		};
		11AC94CF52968AE85FBA40A3 = {
			isa = PBXGroup;
			children = (
				AF486D3411E4983948CBA96B /* ChessCoach */,
				9CC7895964F082A0C67E74E0 /* ChessCoachTests */,
				08B7C528CD13BFFEE47A0781 /* Packages */,
				D7D4604BA61593E1DEEF0A97 /* Frameworks */,
				D38E907AD01F15FD1DF2CB08 /* Products */,
			);
			sourceTree = "<group>";
		};
		129CE92FEBBEE88D99B2F336 /* Effects */ = {
			isa = PBXGroup;
			children = (
				3EAE85DE19C554D1AC291F3D /* ConfettiView.swift */,
			);
			path = Effects;
			sourceTree = "<group>";
		};
		189653275996D78FAC2E53D5 /* Services */ = {
			isa = PBXGroup;
			children = (
				171B2A4C0057D368799590D2 /* AppSettings.swift */,
				45FDC260D734D8B831132CF4 /* FeedbackService.swift */,
				4C2FE0FAE5C3A682629D3BBD /* PersistenceService.swift */,
				93F01EB13F3A5591B7E7C204 /* PlanScoringService.swift */,
				B1A16F974A31DFE2F93A948B /* SoundService.swift */,
				072A187FE3EB5E259BAD36A4 /* VariedOpponentService.swift */,
				930E0279B2B37532B3599E01 /* CoachingService */,
				A4D37DD64BBCE4DAD29E93F5 /* CurriculumService */,
				0F24295A6204C41878C7FCAD /* LLMService */,
				5C0D4FB9C760188E7E952B22 /* Subscription */,
			);
			path = Services;
			sourceTree = "<group>";
		};
		1C32708A9C72B9D8BE179214 /* Review */ = {
			isa = PBXGroup;
			children = (
				FFFB3DE6F0EF145A730450D0 /* QuickReviewView.swift */,
			);
			path = Review;
			sourceTree = "<group>";
		};
		1E558150124FA327AB077FC2 /* Board */ = {
			isa = PBXGroup;
			children = (
				3EBF9D6D39298823A76C9C11 /* GameBoardView.swift */,
				9E2D65DF5788AE7C8BDB8D95 /* MoveArrowOverlay.swift */,
				FC292A6050005623D5DD1496 /* MultiArrowOverlay.swift */,
				A498DE24CC55A0E2054D9E0D /* SquareHighlightOverlay.swift */,
			);
			path = Board;
			sourceTree = "<group>";
		};
		32EB895D4D86CCE9DB1EDDF9 /* Protocols */ = {
			isa = PBXGroup;
			children = (
				AFA4E18D85E23EC83BCF6411 /* EngineProtocols.swift */,
			);
			path = Protocols;
			sourceTree = "<group>";
		};
		5C0D4FB9C760188E7E952B22 /* Subscription */ = {
			isa = PBXGroup;
			children = (
				246F0182B657EB5E5F062E3E /* FeatureAccess.swift */,
				765D7B011FC3CC60D2ABFF75 /* ProFeature.swift */,
				61DC2C3E437999AA10190EAC /* SubscriptionService.swift */,
			);
			path = Subscription;
			sourceTree = "<group>";
		};
		74F1A30766BC552284FEC95E /* Views */ = {
			isa = PBXGroup;
			children = (
				1E558150124FA327AB077FC2 /* Board */,
				F2031E8798213DAC874829B4 /* Components */,
				129CE92FEBBEE88D99B2F336 /* Effects */,
				7EC270FB1856CD58666A8639 /* Home */,
				A6705548B6E51134F67589F8 /* Onboarding */,
				F0ECF0D23650BDF6D1040C01 /* Paywall */,
				1C32708A9C72B9D8BE179214 /* Review */,
				03A9D869EE07FDD99DF1ED67 /* Session */,
				BCDEE2CE0554327EF3ECA2E4 /* Settings */,
			);
			path = Views;
			sourceTree = "<group>";
		};
		770D8201EC0ED5937BD506C7 /* Models */ = {
			isa = PBXGroup;
			children = (
				51BEE1049F2990DDB40D8212 /* GameStateTests.swift */,
				E8DCA1751180E5E8592B0754 /* LineProgressTests.swift */,
				76277F12D9B972F0673B3062 /* OpeningDatabaseTests.swift */,
				CA56BF3E40CA1699DF57BFF8 /* OpeningTests.swift */,
				887A8D0238A2F3F79FEAF2FF /* SessionResultTests.swift */,
				42ECA2209C648214DAA115CF /* SpacedRepIntegrationTests.swift */,
				1CC6A2985336BC125CDD2FDF /* SpacedRepTests.swift */,
				4516A86DC281293B8DCB2EE3 /* StreakTrackerTests.swift */,
			);
			path = Models;
			sourceTree = "<group>";
		};
		7A53D875D663C7CA25F75D56 /* Opening */ = {
			isa = PBXGroup;
			children = (
				4E8AEA095744E391EBCC764E /* LessonQuiz.swift */,
				DBEFF49BF6F36ADFDFF5B260 /* LessonStep.swift */,
				4D3394090AB7EA057C3B70C3 /* Opening.swift */,
				DAA7D84DDE88CFD5FD7B7A59 /* OpeningDatabase.swift */,
				A649E737CAD4EF51CB283DD9 /* OpeningPlan.swift */,
				332F891136AFED8AAB292209 /* OpponentResponse.swift */,
			);
			path = Opening;
			sourceTree = "<group>";
		};
		7C38B364949C78ED746C7DE5 /* Models */ = {
			isa = PBXGroup;
			children = (
				3A540DE54627154C7E69E6AF /* BoardTheme.swift */,
				4F5C7909A7C6642F8270FD00 /* OpponentPersonality.swift */,
				E95DA3A801E713396E2CCBC6 /* Chess */,
				7A53D875D663C7CA25F75D56 /* Opening */,
				FE8991AC59F724526F463E46 /* Progress */,
				009532B9F97F69EB6F95ED95 /* Scoring */,
				F6463628D9C64D658920CD49 /* SpacedRep */,
			);
			path = Models;
			sourceTree = "<group>";
		};
		7EC270FB1856CD58666A8639 /* Home */ = {
			isa = PBXGroup;
			children = (
				A0F6A789BED54A0409CA0A3A /* HomeView.swift */,
				28B4A2582942F5C8B3786338 /* OpeningDetailView.swift */,
				B07C0DF8A8FA939CCB145DDF /* OpeningPreviewBoard.swift */,
				97D53FEC7503128FABA4EACB /* OpeningSettingsView.swift */,
			);
			path = Home;
			sourceTree = "<group>";
		};
		83B396071DAF547C73190501 /* Engine */ = {
			isa = PBXGroup;
			children = (
				1D827EA25178F98B49D6117F /* MaiaService.swift */,
				729C1C816BE2082AD7182CA9 /* OnDeviceLLMService.swift */,
				3B48861941161F981027DE30 /* StockfishService.swift */,
				32EB895D4D86CCE9DB1EDDF9 /* Protocols */,
			);
			path = Engine;
			sourceTree = "<group>";
		};
		930E0279B2B37532B3599E01 /* CoachingService */ = {
			isa = PBXGroup;
			children = (
				42AF1BAD455BC18D3532DEB0 /* CoachingService.swift */,
				341B1A08A7983B4F1184C6DE /* CoachingValidator.swift */,
			);
			path = CoachingService;
			sourceTree = "<group>";
		};
		9CC7895964F082A0C67E74E0 /* ChessCoachTests */ = {
			isa = PBXGroup;
			children = (
				B8C29BA1613ECAC66CAEBEA6 /* ChessCoachTests.swift */,
				770D8201EC0ED5937BD506C7 /* Models */,
				B47587F877E79B7DC121AEDB /* Services */,
			);
			path = ChessCoachTests;
			sourceTree = "<group>";
		};
		A4D37DD64BBCE4DAD29E93F5 /* CurriculumService */ = {
			isa = PBXGroup;
			children = (
				C265BE80A3610E556D8016C1 /* CurriculumService.swift */,
			);
			path = CurriculumService;
			sourceTree = "<group>";
		};
		A610B1FE8CFF784020706341 /* App */ = {
			isa = PBXGroup;
			children = (
				4E3A28BF244F5905997ACD78 /* AppServices.swift */,
				C02CC47001BB8CA0952CF358 /* ChessCoachApp.swift */,
				99DC358B97212CECFA3EB23D /* ContentView.swift */,
				866E843C39D1538F3F1C41BC /* DesignSystem.swift */,
			);
			path = App;
			sourceTree = "<group>";
		};
		A6705548B6E51134F67589F8 /* Onboarding */ = {
			isa = PBXGroup;
			children = (
				E94CD447C46D32769CF3084C /* OnboardingView.swift */,
			);
			path = Onboarding;
			sourceTree = "<group>";
		};
		AF486D3411E4983948CBA96B /* ChessCoach */ = {
			isa = PBXGroup;
			children = (
				3A39B17C19E09E33A7E27276 /* Assets.xcassets */,
				4179125235ADD07C7C78E787 /* Info.plist */,
				27D9D642B31BB2DEE4B7EFB3 /* PrivacyInfo.xcprivacy */,
				A610B1FE8CFF784020706341 /* App */,
				EF3271FECB9030891CB9918E /* Config */,
				83B396071DAF547C73190501 /* Engine */,
				7C38B364949C78ED746C7DE5 /* Models */,
				E3A569EB3DC49F2DD16440BF /* Resources */,
				189653275996D78FAC2E53D5 /* Services */,
				74F1A30766BC552284FEC95E /* Views */,
			);
			path = ChessCoach;
			sourceTree = "<group>";
		};
		B47587F877E79B7DC121AEDB /* Services */ = {
			isa = PBXGroup;
			children = (
				2D38846C538E23A6BABEA968 /* CoachingServiceTests.swift */,
				163FB854AB6EFAC989181AAF /* CurriculumLineTests.swift */,
				DB2780834A4769F1B85115C8 /* CurriculumServiceTests.swift */,
				B43293FAD4058537CD08C844 /* LLMServiceTests.swift */,
				7AD43C08072479F064D8D2F3 /* PersistenceMigrationTests.swift */,
			);
			path = Services;
			sourceTree = "<group>";
		};
		BCDEE2CE0554327EF3ECA2E4 /* Settings */ = {
			isa = PBXGroup;
			children = (
				2797B55324C34157D183BBB3 /* DebugStateView.swift */,
				0B10CEA9853D8869F12161BF /* SettingsView.swift */,
			);
			path = Settings;
			sourceTree = "<group>";
		};
		D38E907AD01F15FD1DF2CB08 /* Products */ = {
			isa = PBXGroup;
			children = (
				E028FD7831DF9F7DCA8CD8A2 /* ChessCoach.app */,
				0BE47C283306010AD3714926 /* ChessCoachTests.xctest */,
			);
			name = Products;
			sourceTree = "<group>";
		};
		D7D4604BA61593E1DEEF0A97 /* Frameworks */ = {
			isa = PBXGroup;
			children = (
				7D28EFD69B9A9AC6E2DCD75B /* llama.xcframework */,
			);
			name = Frameworks;
			sourceTree = "<group>";
		};
		E3A569EB3DC49F2DD16440BF /* Resources */ = {
			isa = PBXGroup;
			children = (
				5AF349EACF6870397174001C /* maia2_moves.txt */,
				38878C966F69C0C1EC11776A /* Maia2Blitz.mlpackage */,
				AABA327DF4FE44334C2F8676 /* nn-37f18f62d772.nnue */,
				76400CAAB3AE97CD17A7B765 /* nn-1111cefa1111.nnue */,
				BDCCE62F13ED6CDC63D415EA /* Qwen3-4B-Q4_K_M.gguf */,
				ECC84B93992D948FF2C86647 /* OpeningData */,
				05DE9FD810200E877D5A83DB /* Openings */,
			);
			path = Resources;
			sourceTree = "<group>";
		};
		E95DA3A801E713396E2CCBC6 /* Chess */ = {
			isa = PBXGroup;
			children = (
				25353786D741F85FF2823848 /* GameState.swift */,
			);
			path = Chess;
			sourceTree = "<group>";
		};
		ECC84B93992D948FF2C86647 /* OpeningData */ = {
			isa = PBXGroup;
			children = (
				9961842B54F0D38EDB26D635 /* a.tsv */,
				96B6B01BE109AFA78A7EF936 /* b.tsv */,
				19F3FE5C497A1536E193896C /* c.tsv */,
				1867A0DA1022B6A0D88542F6 /* d.tsv */,
				B0A65E58BA9BE1F5FDFC6B99 /* e.tsv */,
			);
			path = OpeningData;
			sourceTree = "<group>";
		};
		EF3271FECB9030891CB9918E /* Config */ = {
			isa = PBXGroup;
			children = (
				F1776DA363A06F2C7CC25093 /* AppConfig.swift */,
				DE30D8A0E555CD9D5A5438CD /* PromptCatalog.swift */,
			);
			path = Config;
			sourceTree = "<group>";
		};
		F0ECF0D23650BDF6D1040C01 /* Paywall */ = {
			isa = PBXGroup;
			children = (
				4F5E830DC295EDA7A958A13D /* ProUpgradeView.swift */,
			);
			path = Paywall;
			sourceTree = "<group>";
		};
		F2031E8798213DAC874829B4 /* Components */ = {
			isa = PBXGroup;
			children = (
				EF5DE9169AE97318198EF9AB /* BoardLessonCard.swift */,
				FE4AA3F2F495DCEE68EC8C59 /* ConceptIntroView.swift */,
				5FFCFE25741ACBCE53F7DE9A /* FeedbackButton.swift */,
				B5FAFD7D4F63B74DC3C09297 /* HelpButton.swift */,
				8AF52780F2224A71D49EF5F1 /* QuizLessonCard.swift */,
				45C203FCEDF3390BF9FA4A76 /* ThinkingDotsView.swift */,
			);
			path = Components;
			sourceTree = "<group>";
		};
		F6463628D9C64D658920CD49 /* SpacedRep */ = {
			isa = PBXGroup;
			children = (
				E88367DED4C074D18B8746EC /* ReviewItem.swift */,
				9214431E18C24CB2D5B9518F /* SpacedRepScheduler.swift */,
			);
			path = SpacedRep;
			sourceTree = "<group>";
		};
		FE8991AC59F724526F463E46 /* Progress */ = {
			isa = PBXGroup;
			children = (
				C4779AE5B38A2442E3C0E3E4 /* LearningPhase+Thresholds.swift */,
				C2DE924117D81C29DAD5C9E7 /* LineProgress.swift */,
				14A024987A993ADC2D89DFE2 /* MistakeTracker.swift */,
				BF3A08FCE3DF73D1A1E64206 /* OpeningMastery.swift */,
				4E6EE090BCC8A2BB794E7999 /* SessionResult.swift */,
				D184D947DB9D9436C3D6C2DA /* StreakTracker.swift */,
				DA2DBE99E98075DDBDFF443F /* UserProgress.swift */,
			);
			path = Progress;
			sourceTree = "<group>";
		};
/* End PBXGroup section */

/* Begin PBXNativeTarget section */
		AED8AE61759AD2E1AB317C45 /* ChessCoachTests */ = {
			isa = PBXNativeTarget;
			buildConfigurationList = 8CD494B2DAB0A591B1D3D6FB /* Build configuration list for PBXNativeTarget "ChessCoachTests" */;
			buildPhases = (
				30B04E21FE9D8C436203033C /* Sources */,
			);
			buildRules = (
			);
			dependencies = (
				5995D8D58DC2873D10B4E7EF /* PBXTargetDependency */,
			);
			name = ChessCoachTests;
			packageProductDependencies = (
			);
			productName = ChessCoachTests;
			productReference = 0BE47C283306010AD3714926 /* ChessCoachTests.xctest */;
			productType = "com.apple.product-type.bundle.unit-test";
		};
		BA14DCA1A643C0DE9CFC6D23 /* ChessCoach */ = {
			isa = PBXNativeTarget;
			buildConfigurationList = B9E5EF9F12183D683BDF2504 /* Build configuration list for PBXNativeTarget "ChessCoach" */;
			buildPhases = (
				D20E7B28A246B7B302A73CD0 /* Sources */,
				3541274EAFA884703788E192 /* Resources */,
				E17F0EA6986CACEFD6C4A82E /* Frameworks */,
				384E5DEF951A164F7DF652A4 /* Embed Frameworks */,
			);
			buildRules = (
			);
			dependencies = (
			);
			name = ChessCoach;
			packageProductDependencies = (
				111E24467C545F77B7F648BA /* ChessKitEngine */,
				9FA5F592C8FD6F4A9575D198 /* ChessboardKit */,
				9A0636AE1CF047FCD9407715 /* GRDB */,
			);
			productName = ChessCoach;
			productReference = E028FD7831DF9F7DCA8CD8A2 /* ChessCoach.app */;
			productType = "com.apple.product-type.application";
		};
/* End PBXNativeTarget section */

/* Begin PBXProject section */
		124564DE0AA899BA2835163C /* Project object */ = {
			isa = PBXProject;
			attributes = {
				BuildIndependentTargetsInParallel = YES;
				LastUpgradeCheck = 1600;
				TargetAttributes = {
					BA14DCA1A643C0DE9CFC6D23 = {
						DevelopmentTeam = 2DUT9WB762;
						ProvisioningStyle = Automatic;
					};
				};
			};
			buildConfigurationList = 792EEF84F0934B699A35FA1F /* Build configuration list for PBXProject "ChessCoach" */;
			compatibilityVersion = "Xcode 14.0";
			developmentRegion = en;
			hasScannedForEncodings = 0;
			knownRegions = (
				Base,
				en,
			);
			mainGroup = 11AC94CF52968AE85FBA40A3;
			minimizedProjectReferenceProxies = 1;
			packageReferences = (
				4F273E4E0D8A73CA03CFFB34 /* XCRemoteSwiftPackageReference "GRDB.swift" */,
				F54DB98A1845656C61D0A914 /* XCLocalSwiftPackageReference "LocalPackages/chesskit-engine" */,
				2F92B7CD4E8B18E1C1BF8595 /* XCLocalSwiftPackageReference "LocalPackages/ChessboardKit" */,
			);
			preferredProjectObjectVersion = 77;
			projectDirPath = "";
			projectRoot = "";
			targets = (
				BA14DCA1A643C0DE9CFC6D23 /* ChessCoach */,
				AED8AE61759AD2E1AB317C45 /* ChessCoachTests */,
			);
		};
/* End PBXProject section */

/* Begin PBXResourcesBuildPhase section */
		3541274EAFA884703788E192 /* Resources */ = {
			isa = PBXResourcesBuildPhase;
			buildActionMask = 2147483647;
			files = (
				1087FFF77B8FB3ACC95ECECB /* Assets.xcassets in Resources */,
				B5366C62CBE6D18624506D3D /* PrivacyInfo.xcprivacy in Resources */,
				50AA9CD0492AB5DA05F4B59C /* Qwen3-4B-Q4_K_M.gguf in Resources */,
				7306A08E29B367045E32CAF6 /* a.tsv in Resources */,
				73628657C57D6784C80DB682 /* alekhine.json in Resources */,
				413787F3F52A55C4366FE0F2 /* b.tsv in Resources */,
				BD271102B350DE1E7E378FBE /* benoni.json in Resources */,
				077FD1402D6C45EB5932885A /* bishops-opening.json in Resources */,
				CCF5322403133387FB13BE58 /* c.tsv in Resources */,
				38B3EDB17E4D15938A6B508E /* caro-kann.json in Resources */,
				141123C972B10CA5C5420754 /* catalan.json in Resources */,
				A83EDE3FF2558974E8053DDA /* colle.json in Resources */,
				ABD380CAB30C6D3F85D6C21E /* d.tsv in Resources */,
				20A23D2AC0F63EEDED03062D /* dutch.json in Resources */,
				DF074886F57C100C7C7F5B8F /* e.tsv in Resources */,
				B1A90672488F161FA789E763 /* english.json in Resources */,
				332AAC7D5B52FDD0BEC84BC4 /* four-knights.json in Resources */,
				33F093D0D19206A0EB498498 /* french.json in Resources */,
				CF307670DC327797093F7208 /* grunfeld.json in Resources */,
				B2953DCC6B6DF37CBD5E613A /* italian.json in Resources */,
				918079F62DB0DB431E5F7495 /* kings-gambit.json in Resources */,
				32205119E838CBFE632CF6F3 /* kings-indian-attack.json in Resources */,
				FF3325E9F81F395A63999BE8 /* kings-indian.json in Resources */,
				C226BF43E4A3BEDED991BF97 /* london.json in Resources */,
				5631F07DEDC0C264386395AE /* maia2_moves.txt in Resources */,
				1A5406F5F565EF0BCA18C513 /* nimzo-indian.json in Resources */,
				508957B4BA3430AAFD04D348 /* nn-1111cefa1111.nnue in Resources */,
				597339265F744D8A370418CD /* nn-37f18f62d772.nnue in Resources */,
				355040BF8BC427A70828E9AF /* petroff.json in Resources */,
				44018731E1374B56D7E8A7CA /* philidor.json in Resources */,
				9D986ED041BA16E13528BDC2 /* pirc.json in Resources */,
				6B66D7B68702AE3BC756A1B8 /* queens-gambit.json in Resources */,
				A8AC396EBD6CE277F2E65398 /* queens-indian.json in Resources */,
				498D01D731A3EE4ADEDD2EE9 /* reti.json in Resources */,
				1453315DFD8DCD47720F1396 /* ruy-lopez.json in Resources */,
				7B8841F8B5BDB95A5855672B /* scandinavian.json in Resources */,
				D6068133A40E913B76E10636 /* scotch.json in Resources */,
				70690CDFA5B2520FBBE25DDC /* sicilian.json in Resources */,
				456310C901C8DB9962EAC7E4 /* slav.json in Resources */,
				CD9A9E319F76CD6A866B9203 /* trompowsky.json in Resources */,
				1600D11F53255E67DB71C598 /* vienna.json in Resources */,
			);
			runOnlyForDeploymentPostprocessing = 0;
		};
/* End PBXResourcesBuildPhase section */

/* Begin PBXSourcesBuildPhase section */
		30B04E21FE9D8C436203033C /* Sources */ = {
			isa = PBXSourcesBuildPhase;
			buildActionMask = 2147483647;
			files = (
				0D39B083CA933D33F7E6D690 /* ChessCoachTests.swift in Sources */,
				F67A6F94506D97F3671C024E /* CoachingServiceTests.swift in Sources */,
				6BC80A5EB034A34A73227B1F /* CurriculumLineTests.swift in Sources */,
				28AB50F1F6466F64A554476F /* CurriculumServiceTests.swift in Sources */,
				0B07A869013B5D2B9B20A5F3 /* GameStateTests.swift in Sources */,
				153407464C23E1214B8097CA /* LLMServiceTests.swift in Sources */,
				C813F078DC8823DE7E51CAF0 /* LineProgressTests.swift in Sources */,
				9088B40A68C9CAA472A56AC1 /* OpeningDatabaseTests.swift in Sources */,
				E8EB6F8BD6792748DF4BD638 /* OpeningTests.swift in Sources */,
				9A02F7CA0B5E5DB2D7028B52 /* PersistenceMigrationTests.swift in Sources */,
				E75180768E098D74D02DB633 /* SessionResultTests.swift in Sources */,
				4EECD7435103616029F2306B /* SpacedRepIntegrationTests.swift in Sources */,
				5009588C90BC3C56081C1727 /* SpacedRepTests.swift in Sources */,
				BF2D7443ACC26DFE2F8B00DF /* StreakTrackerTests.swift in Sources */,
			);
			runOnlyForDeploymentPostprocessing = 0;
		};
		D20E7B28A246B7B302A73CD0 /* Sources */ = {
			isa = PBXSourcesBuildPhase;
			buildActionMask = 2147483647;
			files = (
				EE58E155166AAB7026298D5D /* AppConfig.swift in Sources */,
				D74EEDDD9A5662EB5DE8E266 /* AppServices.swift in Sources */,
				042AC44FFEA6C4AD16C6C62D /* AppSettings.swift in Sources */,
				809B7F5D98B4B4E1E06CF918 /* BoardLessonCard.swift in Sources */,
				A07DFC2DC6EC969187E38D3D /* BoardTheme.swift in Sources */,
				D87BBC030D64DC6C0EE2DA3D /* ChessCoachApp.swift in Sources */,
				C1BBAF99A37D7FCD2121B484 /* CoachChatPanel.swift in Sources */,
				4A7034C003AE7DE4915EB4C1 /* CoachingService.swift in Sources */,
				8CE08A1FABED074CF7F2E648 /* CoachingValidator.swift in Sources */,
				F3D3B47863D2144F4DAD6013 /* ConceptIntroView.swift in Sources */,
				9F02B680172D49DE83F07D7A /* ConfettiView.swift in Sources */,
				3764BEB3B07F45F498D16C41 /* ContentView.swift in Sources */,
				8E75F54BDD3411D67906D1A8 /* CurriculumService.swift in Sources */,
				1B8B5B3C655E0E3C2850BB1C /* DebugStateView.swift in Sources */,
				B812C032963D93B381CC7A64 /* DesignSystem.swift in Sources */,
				B4091D9860A2658459368FC0 /* EngineProtocols.swift in Sources */,
				625396A3990F56CA03C39E43 /* FeatureAccess.swift in Sources */,
				700006335073756412F739B8 /* FeedbackButton.swift in Sources */,
				8E242137DD49CC9A1D211558 /* FeedbackService.swift in Sources */,
				3DEEDF8A0704823CDBF74A76 /* GameBoardView.swift in Sources */,
				FF312B0A04CB97D763D063F6 /* GameState.swift in Sources */,
				5D8F4CBD52B39CBE13500730 /* HelpButton.swift in Sources */,
				CC67D1B4F55ECE6BE4A7A8D8 /* HomeView.swift in Sources */,
				B0C1DBEC59D44DEFF1B77568 /* LLMConfig.swift in Sources */,
				C95BB4331F3DFDA44B2DE55D /* LLMService.swift in Sources */,
				1200F6ACCC0D20B3E69B2148 /* LLMTypes.swift in Sources */,
				E2CAB77A73C1025A609D7A83 /* LearningPhase+Thresholds.swift in Sources */,
				EBBD4BEC6D778B047A23EE4C /* LessonQuiz.swift in Sources */,
				A2BF1CDCF901BA3987106EA4 /* LessonStep.swift in Sources */,
				724B5D86DDE66AE85279643C /* LineChatView.swift in Sources */,
				BDA7117BBF842FD7577194CF /* LineProgress.swift in Sources */,
				3B66D47BFD91E583E54DC6EB /* LineStudyView.swift in Sources */,
				E359C441FD518D7D63D37D7B /* Maia2Blitz.mlpackage in Sources */,
				102910341A4AB6C6C65DB30C /* MaiaService.swift in Sources */,
				311E72D628DE16D4B4CF5AA9 /* MistakeTracker.swift in Sources */,
				A8709D770A6275E437B9E05B /* MoveArrowOverlay.swift in Sources */,
				FA80FB61085AB7ABBFF49182 /* MultiArrowOverlay.swift in Sources */,
				6BBB8C92AA455B052EB164BF /* OnDeviceLLMService.swift in Sources */,
				2D036B0A371648AB3D3A7501 /* OnboardingView.swift in Sources */,
				769D5BF52DD2376B9A0785B4 /* Opening.swift in Sources */,
				ED3E3A465937D62718F02044 /* OpeningDatabase.swift in Sources */,
				1B2B9B24A0F296310D363E74 /* OpeningDetailView.swift in Sources */,
				58CA9C3B8186DB14A205CED9 /* OpeningMastery.swift in Sources */,
				BB694D968E17549AC66FC86A /* OpeningPlan.swift in Sources */,
				3178F5266616D59190419A32 /* OpeningPreviewBoard.swift in Sources */,
				9D4FD434BB217352E32CC783 /* OpeningSettingsView.swift in Sources */,
				FF125D4E0D68D791E1BF1211 /* OpponentPersonality.swift in Sources */,
				5B85AF6EFF77D434E319985A /* OpponentResponse.swift in Sources */,
				A205E89EF91E7BEE73768E7B /* PersistenceService.swift in Sources */,
				12838077B7C6EDF58262DFD1 /* PlanExecutionScore.swift in Sources */,
				422B0CE6D2093EE75056135F /* PlanScoringService.swift in Sources */,
				4A10FA4EA488736A13142F3F /* PlanUnderstandingView.swift in Sources */,
				449DCC65F1D994261FE9D468 /* PopularityService.swift in Sources */,
				EA3D597D65333E9ABBE16763 /* PracticeOpeningView.swift in Sources */,
				683C1C0B6EC631D7402DB2D1 /* PracticeSessionViewModel.swift in Sources */,
				EAA5B35C49028F7F9E853316 /* ProFeature.swift in Sources */,
				92F5C48B9D3698ABFE1A4F00 /* ProUpgradeView.swift in Sources */,
				9DE007C315CE0176CCF6A874 /* PromptCatalog.swift in Sources */,
				213ADC654DDA0B2E8165A6EB /* QuickReviewView.swift in Sources */,
				5BEA4235474CF69DE1E214AE /* QuizLessonCard.swift in Sources */,
				3FEEF58886C82EC691F900A4 /* ReviewItem.swift in Sources */,
				B4BFBDC1F762CDD18CE6D3D3 /* SessionCompleteView.swift in Sources */,
				FFD927F3EE333129D098778B /* SessionResult.swift in Sources */,
				4DC53487D9B88E1937F0F49E /* SessionView.swift in Sources */,
				C9B8F6ED61F188F6C9AE9F83 /* SessionViewModel.swift in Sources */,
				B9AD5EB122024B3717C3F6BE /* SettingsView.swift in Sources */,
				097E8EF541FE0976FB9D105E /* SoundService.swift in Sources */,
				BE250094E8078458F5CFE5DA /* SoundnessCalculator.swift in Sources */,
				9CB700365FFC1CE163592E2F /* SpacedRepScheduler.swift in Sources */,
				42036C2DF16F61D9EA640E3D /* SquareHighlightOverlay.swift in Sources */,
				68FBEC7AADF9C0444D14AE94 /* StockfishService.swift in Sources */,
				CF36525240E3E620133DA978 /* StreakTracker.swift in Sources */,
				1C83BCB614122ACFDC1F27CB /* SubscriptionService.swift in Sources */,
				9ACEA7FF2727CD07243FDA55 /* TheoryDiscoveryView.swift in Sources */,
				BE8B981527187F6DC4721CCF /* ThinkingDotsView.swift in Sources */,
				451B2F2DF43724C2585B0AEE /* UserProgress.swift in Sources */,
				97E21CC033EBE22F9F6B56C1 /* VariedOpponentService.swift in Sources */,
			);
			runOnlyForDeploymentPostprocessing = 0;
		};
/* End PBXSourcesBuildPhase section */

/* Begin PBXTargetDependency section */
		5995D8D58DC2873D10B4E7EF /* PBXTargetDependency */ = {
			isa = PBXTargetDependency;
			target = BA14DCA1A643C0DE9CFC6D23 /* ChessCoach */;
			targetProxy = B2B4CE472F3E3A559498B802 /* PBXContainerItemProxy */;
		};
/* End PBXTargetDependency section */

/* Begin XCBuildConfiguration section */
		4565B4F345B8615FA3F20975 /* Debug */ = {
			isa = XCBuildConfiguration;
			buildSettings = {
				ALWAYS_SEARCH_USER_PATHS = NO;
				CLANG_ANALYZER_NONNULL = YES;
				CLANG_ANALYZER_NUMBER_OBJECT_CONVERSION = YES_AGGRESSIVE;
				CLANG_CXX_LANGUAGE_STANDARD = "gnu++14";
				CLANG_CXX_LIBRARY = "libc++";
				CLANG_ENABLE_MODULES = YES;
				CLANG_ENABLE_OBJC_ARC = YES;
				CLANG_ENABLE_OBJC_WEAK = YES;
				CLANG_WARN_BLOCK_CAPTURE_AUTORELEASING = YES;
				CLANG_WARN_BOOL_CONVERSION = YES;
				CLANG_WARN_COMMA = YES;
				CLANG_WARN_CONSTANT_CONVERSION = YES;
				CLANG_WARN_DEPRECATED_OBJC_IMPLEMENTATIONS = YES;
				CLANG_WARN_DIRECT_OBJC_ISA_USAGE = YES_ERROR;
				CLANG_WARN_DOCUMENTATION_COMMENTS = YES;
				CLANG_WARN_EMPTY_BODY = YES;
				CLANG_WARN_ENUM_CONVERSION = YES;
				CLANG_WARN_INFINITE_RECURSION = YES;
				CLANG_WARN_INT_CONVERSION = YES;
				CLANG_WARN_NON_LITERAL_NULL_CONVERSION = YES;
				CLANG_WARN_OBJC_IMPLICIT_RETAIN_SELF = YES;
				CLANG_WARN_OBJC_LITERAL_CONVERSION = YES;
				CLANG_WARN_OBJC_ROOT_CLASS = YES_ERROR;
				CLANG_WARN_QUOTED_INCLUDE_IN_FRAMEWORK_HEADER = YES;
				CLANG_WARN_RANGE_LOOP_ANALYSIS = YES;
				CLANG_WARN_STRICT_PROTOTYPES = YES;
				CLANG_WARN_SUSPICIOUS_MOVE = YES;
				CLANG_WARN_UNGUARDED_AVAILABILITY = YES_AGGRESSIVE;
				CLANG_WARN_UNREACHABLE_CODE = YES;
				CLANG_WARN__DUPLICATE_METHOD_MATCH = YES;
				COPY_PHASE_STRIP = NO;
				DEBUG_INFORMATION_FORMAT = dwarf;
				ENABLE_STRICT_OBJC_MSGSEND = YES;
				ENABLE_TESTABILITY = YES;
				GCC_C_LANGUAGE_STANDARD = gnu11;
				GCC_DYNAMIC_NO_PIC = NO;
				GCC_NO_COMMON_BLOCKS = YES;
				GCC_OPTIMIZATION_LEVEL = 0;
				GCC_PREPROCESSOR_DEFINITIONS = (
					"$(inherited)",
					"DEBUG=1",
				);
				GCC_WARN_64_TO_32_BIT_CONVERSION = YES;
				GCC_WARN_ABOUT_RETURN_TYPE = YES_ERROR;
				GCC_WARN_UNDECLARED_SELECTOR = YES;
				GCC_WARN_UNINITIALIZED_AUTOS = YES_AGGRESSIVE;
				GCC_WARN_UNUSED_FUNCTION = YES;
				GCC_WARN_UNUSED_VARIABLE = YES;
				IPHONEOS_DEPLOYMENT_TARGET = 17.0;
				MTL_ENABLE_DEBUG_INFO = INCLUDE_SOURCE;
				MTL_FAST_MATH = YES;
				ONLY_ACTIVE_ARCH = YES;
				PRODUCT_NAME = "$(TARGET_NAME)";
				SDKROOT = iphoneos;
				SWIFT_ACTIVE_COMPILATION_CONDITIONS = DEBUG;
				SWIFT_OPTIMIZATION_LEVEL = "-Onone";
				SWIFT_VERSION = 5.0;
			};
			name = Debug;
		};
		545740E36FDF3D1F4F1C2A45 /* Debug */ = {
			isa = XCBuildConfiguration;
			buildSettings = {
				ASSETCATALOG_COMPILER_APPICON_NAME = AppIcon;
				CODE_SIGN_IDENTITY = "iPhone Developer";
				CODE_SIGN_STYLE = Automatic;
				CURRENT_PROJECT_VERSION = 1;
				DEVELOPMENT_TEAM = 2DUT9WB762;
				FRAMEWORK_SEARCH_PATHS = (
					"$(inherited)",
					"\"Frameworks\"",
				);
				GENERATE_INFOPLIST_FILE = YES;
				INFOPLIST_FILE = ChessCoach/Info.plist;
				INFOPLIST_KEY_UIApplicationSceneManifest_Generation = YES;
				INFOPLIST_KEY_UIApplicationSupportsIndirectInputEvents = YES;
				INFOPLIST_KEY_UILaunchScreen_Generation = YES;
				INFOPLIST_KEY_UISupportedInterfaceOrientations_iPad = "UIInterfaceOrientationPortrait UIInterfaceOrientationPortraitUpsideDown UIInterfaceOrientationLandscapeLeft UIInterfaceOrientationLandscapeRight";
				INFOPLIST_KEY_UISupportedInterfaceOrientations_iPhone = UIInterfaceOrientationPortrait;
				LD_RUNPATH_SEARCH_PATHS = (
					"$(inherited)",
					"@executable_path/Frameworks",
				);
				MARKETING_VERSION = 1.0;
				PRODUCT_BUNDLE_IDENTIFIER = "com.marklifson-chesscoach.app";
				SDKROOT = iphoneos;
				STOREKIT_CONFIGURATION = ChessCoach.storekit;
				SWIFT_STRICT_CONCURRENCY = complete;
				SWIFT_VERSION = 6.0;
				TARGETED_DEVICE_FAMILY = "1,2";
			};
			name = Debug;
		};
		94829B1585E7F59711403F4B /* Release */ = {
			isa = XCBuildConfiguration;
			buildSettings = {
				ASSETCATALOG_COMPILER_APPICON_NAME = AppIcon;
				CODE_SIGN_IDENTITY = "iPhone Developer";
				CODE_SIGN_STYLE = Automatic;
				CURRENT_PROJECT_VERSION = 1;
				DEVELOPMENT_TEAM = 2DUT9WB762;
				FRAMEWORK_SEARCH_PATHS = (
					"$(inherited)",
					"\"Frameworks\"",
				);
				GENERATE_INFOPLIST_FILE = YES;
				INFOPLIST_FILE = ChessCoach/Info.plist;
				INFOPLIST_KEY_UIApplicationSceneManifest_Generation = YES;
				INFOPLIST_KEY_UIApplicationSupportsIndirectInputEvents = YES;
				INFOPLIST_KEY_UILaunchScreen_Generation = YES;
				INFOPLIST_KEY_UISupportedInterfaceOrientations_iPad = "UIInterfaceOrientationPortrait UIInterfaceOrientationPortraitUpsideDown UIInterfaceOrientationLandscapeLeft UIInterfaceOrientationLandscapeRight";
				INFOPLIST_KEY_UISupportedInterfaceOrientations_iPhone = UIInterfaceOrientationPortrait;
				LD_RUNPATH_SEARCH_PATHS = (
					"$(inherited)",
					"@executable_path/Frameworks",
				);
				MARKETING_VERSION = 1.0;
				PRODUCT_BUNDLE_IDENTIFIER = "com.marklifson-chesscoach.app";
				SDKROOT = iphoneos;
				SWIFT_STRICT_CONCURRENCY = complete;
				SWIFT_VERSION = 6.0;
				TARGETED_DEVICE_FAMILY = "1,2";
			};
			name = Release;
		};
		BB8DDA107F471F41C8F0B85F /* Release */ = {
			isa = XCBuildConfiguration;
			buildSettings = {
				BUNDLE_LOADER = "$(TEST_HOST)";
				GENERATE_INFOPLIST_FILE = YES;
				LD_RUNPATH_SEARCH_PATHS = (
					"$(inherited)",
					"@executable_path/Frameworks",
					"@loader_path/Frameworks",
				);
				PRODUCT_BUNDLE_IDENTIFIER = com.chesscoach.ChessCoachTests;
				SDKROOT = iphoneos;
				SWIFT_VERSION = 6.0;
				TARGETED_DEVICE_FAMILY = "1,2";
				TEST_HOST = "$(BUILT_PRODUCTS_DIR)/ChessCoach.app/ChessCoach";
			};
			name = Release;
		};
		D0BA2BB1FD75C64A0752BA2B /* Debug */ = {
			isa = XCBuildConfiguration;
			buildSettings = {
				BUNDLE_LOADER = "$(TEST_HOST)";
				GENERATE_INFOPLIST_FILE = YES;
				LD_RUNPATH_SEARCH_PATHS = (
					"$(inherited)",
					"@executable_path/Frameworks",
					"@loader_path/Frameworks",
				);
				PRODUCT_BUNDLE_IDENTIFIER = com.chesscoach.ChessCoachTests;
				SDKROOT = iphoneos;
				SWIFT_VERSION = 6.0;
				TARGETED_DEVICE_FAMILY = "1,2";
				TEST_HOST = "$(BUILT_PRODUCTS_DIR)/ChessCoach.app/ChessCoach";
			};
			name = Debug;
		};
		DAFD689016C0AA425F87450D /* Release */ = {
			isa = XCBuildConfiguration;
			buildSettings = {
				ALWAYS_SEARCH_USER_PATHS = NO;
				CLANG_ANALYZER_NONNULL = YES;
				CLANG_ANALYZER_NUMBER_OBJECT_CONVERSION = YES_AGGRESSIVE;
				CLANG_CXX_LANGUAGE_STANDARD = "gnu++14";
				CLANG_CXX_LIBRARY = "libc++";
				CLANG_ENABLE_MODULES = YES;
				CLANG_ENABLE_OBJC_ARC = YES;
				CLANG_ENABLE_OBJC_WEAK = YES;
				CLANG_WARN_BLOCK_CAPTURE_AUTORELEASING = YES;
				CLANG_WARN_BOOL_CONVERSION = YES;
				CLANG_WARN_COMMA = YES;
				CLANG_WARN_CONSTANT_CONVERSION = YES;
				CLANG_WARN_DEPRECATED_OBJC_IMPLEMENTATIONS = YES;
				CLANG_WARN_DIRECT_OBJC_ISA_USAGE = YES_ERROR;
				CLANG_WARN_DOCUMENTATION_COMMENTS = YES;
				CLANG_WARN_EMPTY_BODY = YES;
				CLANG_WARN_ENUM_CONVERSION = YES;
				CLANG_WARN_INFINITE_RECURSION = YES;
				CLANG_WARN_INT_CONVERSION = YES;
				CLANG_WARN_NON_LITERAL_NULL_CONVERSION = YES;
				CLANG_WARN_OBJC_IMPLICIT_RETAIN_SELF = YES;
				CLANG_WARN_OBJC_LITERAL_CONVERSION = YES;
				CLANG_WARN_OBJC_ROOT_CLASS = YES_ERROR;
				CLANG_WARN_QUOTED_INCLUDE_IN_FRAMEWORK_HEADER = YES;
				CLANG_WARN_RANGE_LOOP_ANALYSIS = YES;
				CLANG_WARN_STRICT_PROTOTYPES = YES;
				CLANG_WARN_SUSPICIOUS_MOVE = YES;
				CLANG_WARN_UNGUARDED_AVAILABILITY = YES_AGGRESSIVE;
				CLANG_WARN_UNREACHABLE_CODE = YES;
				CLANG_WARN__DUPLICATE_METHOD_MATCH = YES;
				COPY_PHASE_STRIP = NO;
				DEBUG_INFORMATION_FORMAT = "dwarf-with-dsym";
				ENABLE_NS_ASSERTIONS = NO;
				ENABLE_STRICT_OBJC_MSGSEND = YES;
				GCC_C_LANGUAGE_STANDARD = gnu11;
				GCC_NO_COMMON_BLOCKS = YES;
				GCC_WARN_64_TO_32_BIT_CONVERSION = YES;
				GCC_WARN_ABOUT_RETURN_TYPE = YES_ERROR;
				GCC_WARN_UNDECLARED_SELECTOR = YES;
				GCC_WARN_UNINITIALIZED_AUTOS = YES_AGGRESSIVE;
				GCC_WARN_UNUSED_FUNCTION = YES;
				GCC_WARN_UNUSED_VARIABLE = YES;
				IPHONEOS_DEPLOYMENT_TARGET = 17.0;
				MTL_ENABLE_DEBUG_INFO = NO;
				MTL_FAST_MATH = YES;
				PRODUCT_NAME = "$(TARGET_NAME)";
				SDKROOT = iphoneos;
				SWIFT_COMPILATION_MODE = wholemodule;
				SWIFT_OPTIMIZATION_LEVEL = "-O";
				SWIFT_VERSION = 5.0;
			};
			name = Release;
		};
/* End XCBuildConfiguration section */

/* Begin XCConfigurationList section */
		792EEF84F0934B699A35FA1F /* Build configuration list for PBXProject "ChessCoach" */ = {
			isa = XCConfigurationList;
			buildConfigurations = (
				4565B4F345B8615FA3F20975 /* Debug */,
				DAFD689016C0AA425F87450D /* Release */,
			);
			defaultConfigurationIsVisible = 0;
			defaultConfigurationName = Debug;
		};
		8CD494B2DAB0A591B1D3D6FB /* Build configuration list for PBXNativeTarget "ChessCoachTests" */ = {
			isa = XCConfigurationList;
			buildConfigurations = (
				D0BA2BB1FD75C64A0752BA2B /* Debug */,
				BB8DDA107F471F41C8F0B85F /* Release */,
			);
			defaultConfigurationIsVisible = 0;
			defaultConfigurationName = Debug;
		};
		B9E5EF9F12183D683BDF2504 /* Build configuration list for PBXNativeTarget "ChessCoach" */ = {
			isa = XCConfigurationList;
			buildConfigurations = (
				545740E36FDF3D1F4F1C2A45 /* Debug */,
				94829B1585E7F59711403F4B /* Release */,
			);
			defaultConfigurationIsVisible = 0;
			defaultConfigurationName = Debug;
		};
/* End XCConfigurationList section */

/* Begin XCLocalSwiftPackageReference section */
		2F92B7CD4E8B18E1C1BF8595 /* XCLocalSwiftPackageReference "LocalPackages/ChessboardKit" */ = {
			isa = XCLocalSwiftPackageReference;
			relativePath = LocalPackages/ChessboardKit;
		};
		F54DB98A1845656C61D0A914 /* XCLocalSwiftPackageReference "LocalPackages/chesskit-engine" */ = {
			isa = XCLocalSwiftPackageReference;
			relativePath = "LocalPackages/chesskit-engine";
		};
/* End XCLocalSwiftPackageReference section */

/* Begin XCRemoteSwiftPackageReference section */
		4F273E4E0D8A73CA03CFFB34 /* XCRemoteSwiftPackageReference "GRDB.swift" */ = {
			isa = XCRemoteSwiftPackageReference;
			repositoryURL = "https://github.com/groue/GRDB.swift.git";
			requirement = {
				kind = upToNextMajorVersion;
				minimumVersion = 7.0.0;
			};
		};
/* End XCRemoteSwiftPackageReference section */

/* Begin XCSwiftPackageProductDependency section */
		111E24467C545F77B7F648BA /* ChessKitEngine */ = {
			isa = XCSwiftPackageProductDependency;
			productName = ChessKitEngine;
		};
		9A0636AE1CF047FCD9407715 /* GRDB */ = {
			isa = XCSwiftPackageProductDependency;
			package = 4F273E4E0D8A73CA03CFFB34 /* XCRemoteSwiftPackageReference "GRDB.swift" */;
			productName = GRDB;
		};
		9FA5F592C8FD6F4A9575D198 /* ChessboardKit */ = {
			isa = XCSwiftPackageProductDependency;
			productName = ChessboardKit;
		};
/* End XCSwiftPackageProductDependency section */
	};
	rootObject = 124564DE0AA899BA2835163C /* Project object */;
}
