{
  "originHash" : "61408a1f4aeec70526069e0bd3e1bea3ccff0db1209804fcb8cd4cecd2279f11",
  "pins" : [
    {
      "identity" : "chessboardkit",
      "kind" : "remoteSourceControl",
      "location" : "https://github.com/rohanrhu/ChessboardKit.git",
      "state" : {
        "branch" : "main",
        "revision" : "8c2aef4f9d52c62ef92d8bcfab37d903c0dcbadd"
      }
    },
    {
      "identity" : "grdb.swift",
      "kind" : "remoteSourceControl",
      "location" : "https://github.com/groue/GRDB.swift.git",
      "state" : {
        "revision" : "36e30a6f1ef10e4194f6af0cff90888526f0c115",
        "version" : "7.10.0"
      }
    }
  ],
  "version" : 3
}
